[ahoi.10218614569869907171]
description = "In Panama City machen wir die letzten Besorgungen und Erledigungen, bevor es auf den weiten Pazifik in Richtung Osterinsel weitergeht."
id = "10218614569869907171"
timestamp = 1731801600
title = "Panama City"
url = "https://ahoi.blog/panama-city"

[ahoi.13379519178875032323]
description = "Kurs Osterinsel? Es liegen 3.000 Seemeilen vor uns. Aber es soll alles anders kommen und mit viel Glück im Unglück segeln wir nach ..."
id = "13379519178875032323"
timestamp = 1732233600
title = "Kurs Osterinsel? Glück im Unglück"
url = "https://ahoi.blog/kurs-osterinsel-glueck-im-unglueck"

[ahoi.17405502268445470037]
description = "Mit der ARACANGA fahren wir durch den Panamakanal. Er verbindet den Atlantik mit dem Pazifik auf einer Länge von 44 Seemeilen"
id = "17405502268445470037"
timestamp = 1731283200
title = "Durch den Panamakanal"
url = "https://ahoi.blog/durch-den-panamakanal"

[belleamie.16129213926691201503]
description = """

\t\t\t\tSegeln, Griechenland, Mittelmeer, Welt
\t\t\t"""
id = "16129213926691201503"
timestamp = 1724630400
title = "Krach – Schepper – Kawumm – Belle Amie"
url = "https://sy-belleamie.de/unser-boot/krach-schepper-kawumm/"

[belleamie.3772613066220262742]
description = """

\t\t\t\tSegeln, Griechenland, Mittelmeer, Welt
\t\t\t"""
id = "3772613066220262742"
timestamp = 1722384000
title = "Mahon, die Inselhauptstadt – Belle Amie"
url = "https://sy-belleamie.de/blog/mahon-die-inselhauptstadt/"

[belleamie.4739974445826893830]
description = """

\t\t\t\tSegeln, Griechenland, Mittelmeer, Welt
\t\t\t"""
id = "4739974445826893830"
timestamp = 1722297600
title = "Menorca – Es Grau – Belle Amie"
url = "https://sy-belleamie.de/blog/menorca-es-grau/"

[blauwassersegeln.10467023233507193326]
description = "Ablaufen vor Sturm gehört vermutlich zu den ältesten und gängigsten Sturmtaktiken von Yachten.  Auch bei schwerer Sturmsee bewegt sich dabei die Yacht noch"
id = "10467023233507193326"
timestamp = 1731024000
title = "Sturmsegeln Spezial - Teil 20: Ablaufen vorm Wind"
url = "https://blauwassersegeln.at/sturmsegeln-spezial-teil-20-ablaufen-vorm-wind/"

[blauwassersegeln.1547354371975047186]
description = "Im Sturm aktiv segeln. Du hast zwei Möglichkeiten: Am Wind und vorm Wind. Wir zeigen dir, warum auch das Segeln hoch gegen den Sturm sinnvoll sein kann."
id = "1547354371975047186"
timestamp = 1731024000
title = "Sturmsegeln Spezial - Teil 19: Aktiv segeln im Sturm"
url = "https://blauwassersegeln.at/sturmsegeln-spezial-teil-19-aktiv-segeln-im-sturm/"

[blauwassersegeln.6940537455712289749]
description = "Es gibt kein Generalrezept, keine ultimative Strategie zum Abwettern von Stürmen. Wir zeigen dir, nach welchen Kriterien du eine passende Sturmtaktik auswählen kannst."
id = "6940537455712289749"
timestamp = 1731024000
title = "Sturmsegeln spezial - Teil 18: Sturmtaktiken wählen"
url = "https://blauwassersegeln.at/sturmsegeln-spezial-teil-18-sturmtaktiken-waehlen/"

[bluehorizonsailing.1334339429087352928]
description = ""
id = "1334339429087352928"
timestamp = 1709510400
title = "Links — BLUE HORIZON"
url = "https://www.bluehorizonsailing.de/links"

[bluehorizonsailing.14130523162228008775]
description = "Es sind Dinge geschehen, die vieles verändert haben, die uns verändert haben. Wir sind nicht mehr zu dritt oder zu viert unterwegs und das schon seit längerer Zeit. Von heute auf morgen gab es plötzlich andere Fragen in meinem kopf, als die worüber ich den nächsten Blogpost schreibe. Können wir das "
id = "14130523162228008775"
timestamp = 1676505600
title = "Die Reise geht weiter - auch auf diesem Blog — BLUE HORIZON"
url = "https://www.bluehorizonsailing.de/blog/weillckendazugehren"

[bluehorizonsailing.16657504540341275771]
description = ""
id = "16657504540341275771"
timestamp = 1707696000
title = "Links — BLUE HORIZON"
url = "https://www.bluehorizonsailing.de/links"

[bluejoline.11536153192386710297]
description = "29.09. - 04.10.2023"
id = "11536153192386710297"
timestamp = 1731283200
title = "Mitten Im Atlantik: Madeidra - Eine Blumeninsel? |"
url = "https://blue-joline.com/mitten-im-atlantik-madeidra-eine-blumeninsel/"

[bluejoline.15273869589627897637]
description = "29.09. - 04.10.2023"
id = "15273869589627897637"
timestamp = 1731715200
title = "Madeira: Impressionen Von Funchal Und Santana |"
url = "https://blue-joline.com/madeira-impressionen-von-funchal-und-santana/"

[bluejoline.16861543184913573063]
description = "29.09. - 04.10.2023"
id = "16861543184913573063"
timestamp = 1731888000
title = "Korbschlittenfahrt Auf Madeira |"
url = "https://blue-joline.com/korbschlittenfahrt-auf-madeira/"

[elenaundben.13633096136568062374]
description = "Leichter, veganer Berglinsensalat mit knackiger, frischer Roter Beete, Babyblattspinat und/oder Salat, Safran, Pinienkernen in einem Balsamicodressing. Perfekt für die warmen Sommertage."
id = "13633096136568062374"
timestamp = 1692057600
title = "Frischer Linsensalat"
url = "https://elenaundben.de/blogs/rezepte/linsensalat"

[elenaundben.5315092676896962089]
description = "Vegane und vegetarische Rezeptideen für dich Zuhause, für die Boots-Küche oder einfach für deinen Vanalltag."
id = "5315092676896962089"
timestamp = 1692057600
title = "REZEPTE"
url = "https://elenaundben.de/blogs/rezepte"

[elenaundben.7710908523502664131]
description = """
Inspiriert von den Farben des Meeres - designed auf unserem Segelboot - fair und nachhaltig in Portugal produziert.
Entdecke unsere elenaundben-Fair-Fashion mit einem gewissen Extra und noch vieles MEER"""
id = "7710908523502664131"
timestamp = 1690761600
title = "Q&A"
url = "https://elenaundben.de/blogs/q-a"

[hafenkino.13215819606184861753]
description = "So haben wir unser Energiemanagement auf Segelbooten für Langfahrt umgesetzt. Mit Solar, Wellengenerator und moderner Technik - ein autarkes Leben auf See!"
id = "13215819606184861753"
timestamp = 1717804800
title = "Autarkes Leben auf dem Segelboot: Unser Energiekonzept für Langfahrt und Blauwasser • HAFENKINO.blog | Segelblog"
url = "https://hafenkino.blog/energiemanagement-segelbooten-langfahrt-autark/"

[hafenkino.413537615453767528]
description = "Es gab einen kritischen Fehler auf deiner Website."
id = "413537615453767528"
timestamp = 1722124800
title = "WordPress › Fehler"
url = "https://hafenkino.blog/die-rias-in-galizien-spaniens-karibik/"

[hafenkino.7550071739092387472]
description = "Effiziente Werkzeugordnung an Bord: Dein Werkzeug optimal organisiert und immer griffbereit! Der perfekte Leitfaden für Segler."
id = "7550071739092387472"
timestamp = 1722124800
title = "Werkzeugordnung an Bord: Ein perfekter Leitfaden für Segler • HAFENKINO.blog | Segelblog"
url = "https://hafenkino.blog/effiziente-werkzeugordnung-fuer-segler/"

[milagros.17308324998838712232]
description = "For the next couple of weeks, we embarked on all the good times one could possibly think of with our close-knit group of friends, living our best lives."
id = "17308324998838712232"
timestamp = 1720742400
title = "Island Hopping And Good Times And Farewells"
url = "https://milagros.ch/island-hopping-adventures-farewells/"

[milagros.1770449122808386092]
description = "Für ein paar Wochen tummeln wir uns mit unseren guten Freunden kreuz und quer in der Sea of Cortez herum und leben unser bestes Leben."
id = "1770449122808386092"
timestamp = 1720742400
title = "Inselhüpfen, gute Zeiten und Abschiede"
url = "https://milagros.ch/de/inseln-abenteuer-abschiede/"

[milagros.8535629904165561693]
description = "We meet up with cruiser friends from Puerto Peñasco and celebrate two birthdays."
id = "8535629904165561693"
timestamp = 1717718400
title = "Sailors United: A Flotilla Adventure"
url = "https://milagros.ch/sailors-united-a-flotilla-adventure/"

[sailing_amelija.11387960691702004984]
description = "Am 19. Juni um ca. 17:00 Uhr starteten wir unseren Törn nach Trinidad. Es sollte unsere letzte Überfahrt auf Amelija werden, bevor wie sie in die Hände des neuen Eigners übergeben. Der Wind kam wie immer in der Karibik aus dem Osten, nur diesmal fuhren wir den Großteil der Strecke durch den Äquatorialstrom mit einer Stärke von teils über 2Knoten, die uns nach Westen versetzte."
id = "11387960691702004984"
timestamp = 1695340800
title = "Trinidad - der Abschied - AMELIJA"
url = "https://sailing-amelija.de/trinidad-der-abschied/"

[sailing_amelija.14391093779536786787]
description = "So wie es auf Antigua heißt es gäbe 365 Strände, also ein Strand für jeden Tag im Jahr, so gibt es auf Dominica 365 Flüsse."
id = "14391093779536786787"
timestamp = 1687996800
title = "Nature Island Dominica - AMELIJA"
url = "https://sailing-amelija.de/nature-island-dominica/"

[sailing_amelija.18361072664429211615]
description = "Südlich der Grenadinen liegt Grenada mit der dazugehörigen Insel Carriacou. Unserer Route nach Süden folgend gingen wir am 8.6. bei Carriacou vor Anker. Die Überfahrt von Union Island war mit 11 Seemeilen sehr kurz, aber angenehm."
id = "18361072664429211615"
timestamp = 1688083200
title = "Grenada - neue Buchten und alte Bekanntschaften - AMELIJA"
url = "https://sailing-amelija.de/grenada-neue-buchten-und-alte-bekanntschaften/"

[sailingmabul.12753453194583756656]
description = "The dream and reality of our life on a sailing boat.Our report appeared in the NZZ am Sonntag magazine on 13.10.2024. https://www.nzz.ch/nzz-am-sonntag-magazin/segeln-in-der-karibik-das-leben-als-paar-auf-see-hat-seine-tuecken-ld.1852210 Teile diesen Post mit deinen Freunden! Facebook Twitter Linkedin Whatsapp Copy"
id = "12753453194583756656"
timestamp = 1728777600
title = "About life aboard - Sailing Mabul"
url = "https://www.sailingmabul.com/en/2024/10/13/about-life-aboard/"

[sailingmabul.3030593502649885495]
description = "Karins Kolumne über Panamas Korruption.Erschienen im Magazin „global“ von Alliance Sud, Ausgabe Herbst 2024. https://www.alliancesud.ch/de/panama Teile diesen Post mit deinen Freunden! Facebook Twitter Linkedin Whatsapp Copy"
id = "3030593502649885495"
timestamp = 1728000000
title = "Panamas korrupte Beamte - Sailing Mabul"
url = "https://www.sailingmabul.com/2024/10/04/panamas-korrupte-beamte/"

[sailingmabul.3276704039800734308]
description = "Von Traum und Wirklichkeit unseres Lebens auf dem Segelboot. Unsere Reportage erschienen im Magazin der NZZ am Sonntag vom 13.10.2024. https://www.nzz.ch/nzz-am-sonntag-magazin/segeln-in-der-karibik-das-leben-als-paar-auf-see-hat-seine-tuecken-ld.1852210 Teile diesen Post mit deinen Freunden! Facebook Twitter Linkedin Whatsapp Copy"
id = "3276704039800734308"
timestamp = 1728777600
title = "Das (Alb-)Traumschiff - Sailing Mabul"
url = "https://www.sailingmabul.com/2024/10/13/das-alb-traumschiff/"

[sailingnakiipu.16013365068778409301]
description = "# sailing Begleitet die Abenteuer mit unserem Segelboot, Nakii Pu, auf dem Meer. Wir sind eine chaotische, fünf köpfige Familie."
id = "16013365068778409301"
timestamp = 1668211200
title = "Blog - Sailing Nakii Pu"
url = "https://sailing-nakiipu.com/blog/"

[sailingnakiipu.7710580412134728062]
description = "#sailing Begleitet die Abenteuer mit unserem Segelboot, Nakii Pu, auf dem Meer. Wir sind eine chaotische, fünf köpfige Familie."
id = "7710580412134728062"
timestamp = 1668211200
title = "#5 Es geht los- anders als geplant – aber das Abenteuer beginnt - Sailing Nakii Pu"
url = "https://sailing-nakiipu.com/5-es-geht-los-anders-als-geplant-aber-das-abenteuer-beginnt/"

[sailingnakiipu.8486904960258213127]
description = "#sailing Begleitet die Abenteuer mit unserem Segelboot, Nakii Pu, auf dem Meer. Wir sind eine chaotische, fünf köpfige Familie."
id = "8486904960258213127"
timestamp = 1667779200
title = "#4 Unser Boot… - Sailing Nakii Pu"
url = "https://sailing-nakiipu.com/4-unser-boot/"

[sailingseapearl.16244241432893608162]
description = "Unerwarteterweise sind wir nach der windlosen Überfahrt von Vanuatu ja in Carins im Norden Australien angekommen anstatt direkt auf Thursday Island in der Torres Straße anzuhalten. Den dortigen Stopp haben wir genutzt, um das Boot wieder auf Vordermann zu bringen und einen Abstecher mit dem Flugzeug nach Sydney zu machen. Mit dem Ausflug nach Sydney"
id = "16244241432893608162"
timestamp = 1707609600
title = "Durch das Great Barrier Riff und die Torres Straße - Sailing Sea Pearl"
url = "https://sailingseapearl.de/blog/durch-das-great-barrier-riff-und-die-torres-strasse/"

[sailingseapearl.2296870588325484757]
description = "Mit dem Segelboot von Ost nach West durch Indonesien. Wir segeln entlang der beeindruckenden Inselwelt bis nach Lombok und Bali"
id = "2296870588325484757"
timestamp = 1715904000
title = "Indonesien „von hinten“ Indonesien „von hinten“ - Sailing Sea Pearl"
url = "https://sailingseapearl.de/blog/indonesien-von-hinten/"

[sailingseapearl.4438175367799832917]
description = "Angekommen auf Bali genießen wir das Neujahrsfest in Ubud. Anschließend stellen wir ein Leck im Getriebe fest und müssen zur Reparatur zurück nach Lombok segeln"
id = "4438175367799832917"
timestamp = 1723939200
title = "Hoch und Tief auf Bali - Sailing Sea Pearl"
url = "https://sailingseapearl.de/blog/hoch-und-tief-auf-bali/"

[sybruty.10248685365429706287]
description = "Wir müssen uns bei der Abfahrt immer nach der Strömung richten. Eher weniger nach Hoch- oder Niedrigwasser. Da die Häfen, die wir bis jetzt angelaufen sind immer tidenunabhängig sind. Das heißt es ist selbst bei Niedrigwasser immer mindestens 3 m Wasser im Hafen. 3 m ist für uns so ein Mindestwasserstand, den wir gerne hätten. […]"
id = "10248685365429706287"
timestamp = 1721520000
title = "L'Aber Wrac'h - Flussidylle - SY-Bruty"
url = "https://www.sy-bruty.de/laber-wrach-flussidylle/"

[sybruty.13131839791965355430]
description = "Etwas verspätet, aber nun kommt doch noch ein Statement zu Brest. In Brest gibt es zwei Marinas vom gleichen Betreiber. Die Marina du Château ist nahe der Stadt und wie der Name verrät, direkt an der Burg. Hier ist Jubel, Trubel, Heiterkeit und somit auch eine entsprechende Geräuschkulisse. Da wir schon wussten, dass wir länger […]"
id = "13131839791965355430"
timestamp = 1723507200
title = "Brest - viel erlebt in Hafen, Stadt und Krankenhaus - SY-Bruty"
url = "https://www.sy-bruty.de/brest-viel-erlebt-in-hafen-stadt-und-krankenhaus/"

[sybruty.1507229557184611132]
description = ""
id = "1507229557184611132"
timestamp = 1723507200
title = "Blog - SY-Bruty"
url = "https://www.sy-bruty.de/blog/"

[syflora.12180809623016686496]
description = "Wir verbringen ruhige Tage in Tikehau. Der Wind hat ein bisschen nachgelassen. Unter 15 Knoten reicht es für mich als Anfänger mit meinem Equipment und meinem Gewicht kaum zum Foilen, es ist also m…"
id = "12180809623016686496"
timestamp = 1732406400
title = "Motu Puarua (Bird Island), Tikehau"
url = "https://syflora.blog/2024/11/24/motu-puarua-bird-island-tikehau/"

[syflora.12305694011267517819]
description = "Ich hatte ja schon mal berichtet, dass wir dem inflationär gebrauchten Begriff “Paradies” eher kritisch begegnen, auch wenn es hier in der Südsee wirklich viele wunderschön anzuschauende Orte gibt.…"
id = "12305694011267517819"
timestamp = 1732579200
title = "Im Garten Eden auf Tikehau"
url = "https://syflora.blog/2024/11/26/im-garten-eden-auf-tikehau/"

[syflora.5186619451330682674]
description = "Vom Ankerplatz am Garten Eden geht’s zurück Manta-Putzerstation am Motu Mauu. Dieses Mal fahren wir nicht mit dem Dinghy hinüber, sondern mit der Flora. Auf dem AIS sehen wir, dass dort bereits ein…"
id = "5186619451330682674"
timestamp = 1732665600
title = "Abschied von Tikehau"
url = "https://syflora.blog/2024/11/27/abschied-von-tikehau/"

[sygegenwind.4668613465594602995]
description = "Nachdem wir ein paar Tage in der Rendsburg Marina verweilten, stand am Samstag, den 28.September 2024 die Rückkehr zu dem Startpunkt unserer Reise an. Die Tage in Rendsburg verbrachten wir mit einigen organisatorischen Dingen, um uns in Deutschland wieder einzugliedern, sowie unsere Ankunft in Kiel vorzubereiten. Wir bekamen auch spontan den ersten Besuch von einem Teil unserer Familie, die wir 10 Jahre nicht gesehen hatten."
id = "4668613465594602995"
timestamp = 1731888000
title = """

Deutschland – Nach 10 Jahren auf den Weltmeeren zurück in Kiel | Mit Gegenwind um die Welt\t"""
url = "https://sy-gegenwind.de/2024/11/deutschland-nach-10-jahren-auf-den-weltmeeren-zurueck-in-kiel/"

[sygegenwind.6967960203724288955]
description = "Wir haben Deutschland erreicht, es ist deutlich zu merken – wir sitzen fast nur noch unter Deck am PC und schreiben, beantworten Emails und organisieren die nächsten Tage. Jetzt dürft ihr nicht glauben, daß das keinen Spaß macht, das schon, aber die Ruhe und das Genießen der ersten Eindrücke in unserer Heimat, die uns alle gewünscht haben für unsere Ankunft, die gibt es nicht. Obwohl wir immer noch versuchen, uns für jeden mit dem wir zu tun haben, genug Zeit aufzubringen, wird unsere Zeit doch jetzt richtig knapp und wir haben die meisten Abende bis in die späten Stunden zu tun. Außerdem lag ja noch ein Stückchen Strecke vor uns, auf das wir uns vorbereiten mußten, denn die Prozedur für den Nord-Ostsee-Kanal war uns nicht mehr richtig geläufig nach unserer letzten Durchfahrt vor 10 Jahren."
id = "6967960203724288955"
timestamp = 1727395200
title = """

Deutschland – Fast zurück an unserem Ausgangsort | Mit Gegenwind um die Welt\t"""
url = "https://sy-gegenwind.de/2024/09/deutschland-fast-zurueck-an-unserem-ausgangsort/"

[sygegenwind.9218256265821763068]
description = "Die ersten Tage nach unserer Rückkehr waren ausgefüllt mit Besuchern an Bord und Zeit zum Klönen, denn 10 Jahre Kontakt nur über die Elektronik mußten nachgeholt werden. Nahezu jeden Tag kam Besuch bei uns an Bord vorbei und aus: „Ich wollte nur mal Hallo sagen.“ wurde meist deutlich mehr. So raste die Zeit nur so dahin. Ein ehemaliger Stegnachbar kam sogar mit Rollstuhl vorgefahren. Zum Glück spielte das Wetter bei all den Besuchen insgesamt super mit, denn in den Tagesstunden war es meist trocken, teilweise hatten wir sogar blauen Himmel und manchmal auch Sonnenschein, so daß wir im Cockpit unter der Kuchenbude (ein Zelt über dem Cockpit) gemütlich zum Klönen sitzen konnten."
id = "9218256265821763068"
timestamp = 1732665600
title = """

Deutschland – Gleich nach unserer Rückkehr | Mit Gegenwind um die Welt\t"""
url = "https://sy-gegenwind.de/2024/11/deutschland-gleich-nach-unserer-rueckkehr/"

[syjobber.124703997552333666]
description = "Wir hatten uns entschieden, für 10 Tage der Hitze in Curacao zu entfliehen und buchten einen Flug nach Medellin, was ja praktisch um die Ecke liegt und wo wir wahrscheinlich nicht mehr hinkommen würden, wenn wir die Gelegenheit jetzt nicht nutzten. Also bereiteten wir Jobber auf unsere Abreise vor und fuhren morgens mit dem Taxi zum Flughafen. Vom Taxifahrer bekamen wir noch wertvolle Tipps für Kolumbien, er kannte sich aus, denn er war viele Male mit seiner Frau auf Shoppingtour in Medellin. Wir erfuhren also, wo man am besten Geld tauscht (auf gar keinen Fall in Bogota, wo wir einen Zwischenstopp hatten, weil viiiiel zu teuer), wo man lokale SIM-Karten bekommt (nicht am Flughafen, weil viiiiel zu teuer) und wie man am günstigsten vom Flughafen in die Stadt kommt (nicht mit dem Taxi, weil zu teuer, sondern mit dem Bus), also gut, wir waren jetzt optimal vorbereitet. Wir hatten beide nur Handgepäck dabei, also alles easy. Der Flug von Bogota nach Medellin wurde gecancelt, wir bekamen einen späteren mit Upgrade in die Premium Area … auch nicht so schlimm. In Medellin wechselten wir Dollar in kolumbianische Pesos (1 Dollar – 4200 Pesos) und stellten uns, wie empfohlen, in die Schlange zum Bus in die Stadt. Dann kam allerdings ein Taxifahrer und überredete uns und noch zwei weitere Fahrgäste mit ihm zum gleichen Preis in die Stadt zu fahren. Wir willigten ein und fuhren etwa eine halbe Stunde durch einen Wahnsinnsverkehr mit viel Gehupe in die Stadt runter, sehr knapp vorbei an Autowerkstätten, die praktisch auf der Straße reparieren und lackieren. Nach ein wenig hin und her brachte der Taxifahrer uns noch für einen geringen Aufpreis zu unserem Appartement. Unser kleines Zuhause für 10 Tage war ganz o.k. für den Preis von 26 € pro Nacht. Es gab einen kleinen Supermarkt um die Ecke, bei dem wir erstmal ein paar Getränke, Klopapier und Zewa rollen und Spüli kauften. Später kamen noch ein paar Küchenutensilien dazu, die nicht vorhanden waren … scharfes Messer, Schere, Flaschenöffner."
id = "124703997552333666"
timestamp = 1724976000
title = "Ein Kurztrip nach Kolumbien – Medellin"
url = "https://www.sy-jobber.de/2024/08/30/ein-kurztrip-nach-kolumbien-medellin/"

[syjobber.15967577454664548865]
description = "Unsere Überfahrt nach Curacao (etwa 40 Seemeilen) fühlte sich etwas schaukelig an, was wahrscheinlich unseren 4 Wochen im ruhigen Hafen in Bonaire geschuldet war. Wir kamen aber mit einer ausgebaumten Genua und Wind von schräg hinten recht zügig voran, vorbei an Klein Bonaire und Klein Curacao. Wir segelten die Westküste Curacaos hinauf, vorbei an einer großen Ankerlagune (Spanish Water), wo viele Segler die Hurricane-saison am Anker verbringen. Wir hatten aber, weil wir Jobber eine Weile an Land stellen lassen wollen, einen Platz an einem Steg der CURACAO MARINE ZONE (CMZ) reserviert. Hier würde es nicht ganz so idyllisch sein, weil eine Werft in unmittelbarer Nähe ist, aber darauf hatten wir uns gedanklich eingestellt. Von anderen Seglern, die schon mal eine Saison in Curacao verbracht hatten, wussten wir: „Es wird sehr heiß, dreckig und in unmittelbarer Nähe ist nichts, so dass man ohne Auto komplett aufgeschmissen ist.“ Na prima … so schlimm wird’s schon nicht werden."
id = "15967577454664548865"
timestamp = 1723075200
title = "Curacao"
url = "https://www.sy-jobber.de/2024/08/08/curacao/"

[syjobber.4798293982675147107]
description = "Zurück aus Kolumbien, hatten wir noch 3 Tage ein Mietauto, wieder einmal von Jan Peter und erledigten ein paar Dinge, die ohne Auto nicht machbar sind … Wäsche in die Wäscherei bringen, Einkaufen, übrige Währungen in einer Bank tauschen (hat leider gar nicht geklappt … unsere Ostkaribischen Dollars wollte niemand tauschen, was uns erst nach einer Stunde Wartezeit mitgeteilt wurde), ein paar Sachen verkaufen, die wir bisher in den zwei Jahren unserer Reise nicht gebraucht haben (es gibt eine WhatsApp-Gruppe in Curacao, in der Infos und Sachen hin und her getauscht, verliehen oder verkauft werden) z.B. ein Omnia Backofen, das ist ein Aluteil in dem man backen kann, ein mobiles Ultraschallgerät, mit dem man Wassertiefen messen kann, Beschläge, die wir gekauft und doch nicht gebraucht haben, eine Ankerboje und eine Jogurt Maschine … alles Dinge, die wir vor der Abreise meinten zu brauchen und dann eines Besseren belehrt wurden. Wir hatten inzwischen neue Nachbarn in der Marina bekommen, ein kanadisches Paar, das nach einem Jahr Segelreise beschlossen hatte, ihr Boot zu verkaufen. Sie mussten also einiges an Kram loswerden, was für uns ein Glücksfall war. Wir bekamen Revierführer und Seekarten für die Ostküste der USA geschenkt und jede Menge Lebensmittel. „you guys sometimes drink alcohol?“ „Hmm, yes … sometimes …“ Ergebnis: Vodka, Pineapple-Rum, Kaffee-Likör … lecker! Als Gegenleistung halfen wir beim Auswassern, und Gepäck zum Hotel transportieren, weil wir ein Auto hatten."
id = "4798293982675147107"
timestamp = 1731801600
title = "Tot ziens Curacao … hallo Deutschland!"
url = "https://www.sy-jobber.de/2024/11/17/tot-ziens-curacao-hallo-deutschland/"

[sypicaroon.15613077328284721187]
description = "Wie bereits in 2021 ging es bei schönstem Segelwetter gegen Mittag von der Marina Rubicon auf Lanzarote los und schon nach ein paar Meilen bekamen wir Besuch von einzelnen Delfinen und einer Schule Pilotwalen. Für die ersten 3 Stunden lief der Motor unterstützend mit. Dann ging es mit Groß, Genua und Kuttersegel in die erste Nacht. Als der Wind zeitweise auf 5 bft. auffrischte habe ich sicherheitshalber ein erstes Reff ins Groß gebunden, die Genua eingerollt und die Fock nach Stb. ausgebaumt. Die Aries Windsteueranlage funktioniert nach der Reparatur in Tazacorte wieder tadellos. Leider hatte ich oftmals in Unwissenheit die Gelenke und das Pendelruder mit mineralischem WD40 Öl behandelt. Dadurch sind die Teflonbuchsen im Pendelrohr aufgequollen und alles ging nur noch sehr schwergängig. Bei leichtem Wind ist das Schiff in Folge dessen immer wieder aus dem Ruder gelaufen. Bis auf ein paar ziemlich dichte Begegnungen mit der Berufsschiffart verlief die Nacht bei leichtem Wind aus NE entspannt und ich konnte im 20 min. Intervall etwas Schlaf bekommen. Am späten Vormittag hatten wir die NE Spitze von Teneriffa querab und der Wind frischte wieder etwas auf. Das Reff im Groß hatte ich bereits früh am Morgen ausgeschüttelt, was sich im Nachhinein aber als Fehler herausstellte. Auf dem Weg zur NW Spitze baute sich eine hohe Windsee aus NE auf, die im 90 grad Winkel gegen die lange Dünung aus NW auflief. Die Folge war mal wieder eine unangenehme Kreuzsee. Nach einzelnen Boen von bis zu 38 Ktn. entschloß ich mich viel zu spät, wieder ein Reff ins Groß zu binden. Die Fock war weiterhin nach Stb. ausgebaumt. Durch die zu große Segelfläche im Groß hatte die Aries bereits Schwierigkeiten den Kurs zu halten. Also ging es angeleint aufs Vorschiff und es wurde gerefft. Als es bereits dunkel war rundeten wir die NW Spitze und nach weiteren 2 Stunden war der Wind wie angekündigt schlagartig weg. Die restliche Nacht verbrachten wir im Geschaukel unter Motor. Da wir erst gegen Mittag in den Hafen konnten haben wir noch eine Runde bis nach Vueltas gedreht ind vergeblich versucht einen Fisch fürs Abendessen zu fangen. Das Einlaufen in den Hafen von San Sebastian fühlte sich für mich wie ein Nachhausekommen an. Hier gefällt es mir immer noch am Besten und ich werde voraussichtlich wieder eine lange Zeit auf der schönen Insel verbringen."
id = "15613077328284721187"
timestamp = 1678752000
title = "Westwärts nonstop nach Gomera"
url = "https://www.sy-picaroon.de/2023/03/14/westw%C3%A4rts-nonstop-nach-gomera/"

[sypicaroon.16743432544381412501]
description = "Von Pasito Blanco nach Morro Jable Gegen Mittag sind wir wir zuerst nach Norden an der Küste hochgefahren um einen besseren Windwinkel nach Fuerteventura zu bekommen. Da wir noch bei Tageslicht auf dem Ankerplatz unterhalb der Kirche von Morro Jable eintreffen wollten, planten wir einen Ankerstopp in der Bahia de Arinaga. Hier liegt man hinter einer großen Industriemole sehr geschützt gegen den Atlantikschwell aber nicht frei von starker Geruchsbelästigung durch ein naheliegendes Klärwerk. Martina und Jens von der Maje hatten die gleiche Idee und so konnten wir die morgige Überfahrt gemeinsam angehen. Am nächsten Morgen ging es sehr früh Ankerauf und erstmal Kurs NE um weitere Höhe gutzumachen. Dann im rechten Winkel durch das Verkehrstrennungsgebiet und wieder etwas angeluft auf direkten Kurs zur Südspitze von Fuerteventura. Da ich auf die starken Fallwinde durch meine letzte Ansteuerung vorgewarnt war, fiel das Großsegel bereits als der Leuchturm querab lag. Der Motor meldete jedoch nach kurzer Laufzeit eine Überhitzung und wurde sofort abgeschaltet. Das Schiff wurde mit gereffter Genua und Autopilot auf Kurs gehalten und ich begab mich unter Deck, um die Ursache zu ergründen. Den Impeller der Wasserpumpe hatte ich vor 2 Jahren gewechselt und vor der Abfahrt auf La Palma nochmal kontrolliert. Nun hatte sich eine Flunke gelöst und in der Saugleitung festgesetzt. Natürlich pünktlich mitten in den schönsten Fallwinden. Die Instandsetzung nahm dann gefühlte 2 Stunden in Anspruch und wir kamen mit dem letzten Tageslicht am Ankerplatz an. Die folgenden Ankertage verbrachten wir mir langen Strandwanderungen und genossen die erstklassigen Fischgerichte der örtlichen Gastronomie. Einzig die immer stärker werdende Dünung und die akrobatischen Einlagen beim Anlanden und Ablegen mit dem Dingy verhinderten eine längere Aufenthaltsdauer. Nun lockt uns die Marina Rubicon auf Lanzarote, wo ein längerer Aufenthalt geplant ist."
id = "16743432544381412501"
timestamp = 1678320000
title = "Von Pasito Blanco nach Morro Jable"
url = "https://www.sy-picaroon.de/2023/03/09/von-pasito-blanco-nach-morro-jable/"

[sypicaroon.5780778972941526711]
description = "Während ich diese Zeilen schreibe befinde ich mich auf hoher See in Richtung Madeira mit dem Ziel Porto Santo, der kleinen Nachbarinsel im Nordosten des Archipels. Nach nunmehr 3 Jahren auf den Kanaren ist ein Tapetenwechsel überfällig gewesen. Mit etwas Wehmut habe ich in San Sebastian auf La Gomera die Leinen gelöst und mich nach einem kurzen Stopp auf La Palma auf den Weg gemacht. So langsam wachsen auch die Seebeine wieder, die die letzten Monate etwas zu kurz gekommen sind. Das anfängliche Übelsein ist nun wieder der Freude am Segeln gewichen. Auch an den Wach-u. Schlafrythmus des Einhandseglers habe ich mich schnell wieder gewöhnt. Einzig die Bedenken bezüglich der Orca Attacken an der Portugiesischen Küste sind noch im Kopf und verursachen ein Unbehagen hinsichtlich der weiteren Etappe der Überfahrt zum Festland. Der aktuelle Plan lautet, auf Porto Santo auf ein sicheres Wetterfenster zur Weiterfahrt an die Algarve zu warten. Dort soll die Picaroon für den Sommer an Land gestellt werden. Im Herbst geht es dann weiter in Richtung Andalusien und vielleicht auch ins Mittelmeer."
id = "5780778972941526711"
timestamp = 1710633600
title = "Abschied von den Kanaren"
url = "https://www.sy-picaroon.de/2024/03/17/abschied-von-den-kanaren/"

[sysilence.2076473058195719279]
description = "…sondern durchkreuzt unsere Pläne. Bis Grenada hatte alles ziemlich gut geklappt. Ab und an mussten wir eine tropische Welle vorbei lassen, bevor wir weiter segeln konnten. Doch das hatten wir ja so eingeplant."
id = "2076473058195719279"
timestamp = 1719792000
title = """

Das Wetter spielt nicht mit,… | Segelyacht Silence\t"""
url = "https://sy-silence.de/2024/07/01/das-wetter-spielt-nicht-mit/"

[sysilence.3419673945016304458]
description = "Leider hatten wir nicht viel Zeit, sondern mussten nach ein paar Tagen schon wieder weiter ziehen. Es war zwar nicht das schönste Wetter, weil überall um uns herum Schauer lauerten, aber unser nächstes Ziel Carriacou lag nicht weit entfernt und ein kleiner Törn von 2 Stunden brachte uns dorthin."
id = "3419673945016304458"
timestamp = 1719187200
title = """

Weiter nach Carriacou und Grenada | Segelyacht Silence\t"""
url = "https://sy-silence.de/2024/06/24/weiter-nach-carriacou-und-grenada/"

[sysilence.6252344510524721361]
description = "Vor nicht ganz zwei Wochen klarierten wir noch in Carriacou ein und saßen danach gemütlich mit einem Eis vorm Supermarkt. Wir waren durch das kleine Örtchen in der Tyrell Bay geschlendert und hatten es genossen nach 4 Jahren endlich mal wieder hier zu sein."
id = "6252344510524721361"
timestamp = 1719878400
title = """

Hurrikan Beryl verwüstet Carriacou | Segelyacht Silence\t"""
url = "https://sy-silence.de/2024/07/02/hurrikan-beryl-verwuestet-carriacou/"

[syslisand.11536440383293882763]
description = ""
id = "11536440383293882763"
timestamp = 1719187200
title = "Neues Land, neue Herrausforderungen"
url = "https://slisand.blogspot.com/2024/06/neues-land-neue-herrausforderungen.html"

[syslisand.14522207969757587168]
description = ""
id = "14522207969757587168"
timestamp = 1727913600
title = "Wenn es eine Sauna wäre, würde ich rausgehen - Der Sommer in Griechenland"
url = "https://slisand.blogspot.com/2024/10/wenn-es-eine-sauna-ware-wurde-ich.html"

[syslisand.6450322636612336747]
description = ""
id = "6450322636612336747"
timestamp = 1720051200
title = "Warum nicht mal mal in den Norden reisen?"
url = "https://slisand.blogspot.com/2024/07/warum-nicht-mal-mal-in-den-norden-reisen.html"

[weltahoi.17382768423453976669]
description = "Etwas verspätet wünschen wir unseren Lesern alles Gute für 2024! Wir hoffen, dass ihr gesund und munter seid und falls nicht, drücken wir die Daumen, dass e"
id = "17382768423453976669"
timestamp = 1705190400
title = "Alles ist nur Übergang"
url = "https://welt-ahoi.de/2024/01/14/alles-ist-nur-uebergang/"

[weltahoi.2421207856215682553]
description = "Ein paar Tage hatten wir einen Mietwagen zur Verfügung und konnten die wunderschöne Insel näher kennenlernen. Absolute Highlights waren für uns der Wasserfa"
id = "2421207856215682553"
timestamp = 1698105600
title = "Wunderschönes La Palma"
url = "https://welt-ahoi.de/2023/10/24/wunderschoenes-la-palma/"

[weltahoi.3484596070978873902]
description = "Seit dem letzten Blogbeitrag sind mehrere Monate ins Land gegangen. Es wird also Zeit, dass ich mich mal wieder melde. Derzeit fühlt es sich so an, als würde"
id = "3484596070978873902"
timestamp = 1714089600
title = "Zwischen Baum und Borke"
url = "https://welt-ahoi.de/2024/04/26/zwischen-baum-und-borke/"

[windwanderer.18138944501888816380]
description = "Als wir das Inserat für unser Boot sehen, gefällt uns eine Sache von Anfang an richtig gut: Das Boot steht in Südfrankreich unweit von Marseille und s…"
id = "18138944501888816380"
timestamp = 1718323200
title = "Wildes Korsika & Boatwork | Wind Wanderer"
url = "https://windwanderer.xyz/wildes-korsika-und-boatwork/"

[windwanderer.3050821438731736152]
description = "Einige Wochen haben wir nichts von uns hören lassen und so haben wir seit unserem letzten Bericht aus Korsika doch so einige Erlebnisse sammeln dürfen…"
id = "3050821438731736152"
timestamp = 1725235200
title = "Mediterrane Inselträume: Elba, Giglio und Korsika erleben | Wind Wanderer"
url = "https://windwanderer.xyz/elba-giglio-und-korsika/"

[windwanderer.8695060964929983831]
description = "Im letzten Artikel haben wir von unserer Zeit auf Elba, Giglio und Korsika berichtet und wie wir es pünktlich nach Sardinien geschafft haben um unsere…"
id = "8695060964929983831"
timestamp = 1732147200
title = "Sardinien und Ponza | Wind Wanderer"
url = "https://windwanderer.xyz/sardinien-und-ponza/"

[zweiammeer.3665569699366090000]
description = "Diese Woche war in meiner Selbständigkeit einiges los. Denn ich hab meinen WordPress-Hafen gelauncht. Ich bin ja selbständig als Webdesignerin und hier"
id = "3665569699366090000"
timestamp = 1719532800
title = "28. Juni: Katzenbuckel am Morgen und Abend | Zwei am Meer"
url = "https://zweiammeer.com/28-juni-katzenbuckel-am-morgen-und-abend/"

[zweiammeer.5301077167948381136]
description = "Wie kann ein Sonntag besser starten, als mit frischen Pancakes? Vielleicht, wenn's noch selbstgemachte Marillenmarmelade dazu gibt. Aber besser geht's dann"
id = "5301077167948381136"
timestamp = 1720310400
title = "Schnelle vegane Pancakes | Zwei am Meer"
url = "https://zweiammeer.com/schnelle-vegane-pancakes/"

[zweiammeer.9213701962779669384]
description = "Nachdem ich im Supermarkt Marillen gesehen hab, habe ich beschlossen, zum ersten Mal, seit wir am Boot leben, Marmelade zu machen."
id = "9213701962779669384"
timestamp = 1722816000
title = "Marillenmarmelade ohne Gelierzucker | Zwei am Meer"
url = "https://zweiammeer.com/marillenmarmelade-ohne-gelierzucker/"
