[ahoi.13054150156985430609]
description = "Von hier nach Patagonien – eine Landsberger Familie auf großer Fahrt – Vorträge am Ammersee und in Landsberg Seit sieben Jahren sind wir mit unserem Segelboot unterwegs – vom Bodensee ins Mittelmeer, über den Atlantik und durch die Karibik, weiter über den Pazifik bis in die wilden Fjorde Patagoniens. In… weiterlesen"
id = "13054150156985430609"
timestamp = 1757376000
title = "Von hier nach Patagonien - Vorträge"
url = "https://ahoi.blog/von-hier-nach-patagonien-vortraege/"

[ahoi.15300193563507368309]
description = "Unser ahoi.blog auf blauwasser.de. Ein Revierreport über den Norden Patagoniens von Puerto Montt bis San Rafael. Viel Spaß beim Lesen"
id = "15300193563507368309"
timestamp = 1758153600
title = "Der Norden Patagoniens - ein Beitrag auf BLAUWASSER.DE"
url = "https://ahoi.blog/der-norden-patagoniens-ein-beitrag-auf-blauwasser-de/"

[ahoi.17103538656498323701]
description = "Sicher vertäut liegen wir in Puerto Aguirre – irgendwo im Nirgendwo der patagonischen Inselwelt. Erleichterung macht sich breit."
id = "17103538656498323701"
timestamp = 1750550400
title = "Puerto Aguirre – irgendwo im Nirgendwo"
url = "https://ahoi.blog/puerto-aguirre-irgendwo-im-nirgendwo/"

[belleamie.11864803622538981971]
description = """

\t\t\t\tSegeln, Griechenland, Mittelmeer, Welt
\t\t\t"""
id = "11864803622538981971"
timestamp = 1757203200
title = "Atlantikquerung im Yacht Club Langenargen am 24.10.2025 19:00, Einlass 18:00 – Belle Amie"
url = "https://sy-belleamie.de/unser-boot/atlantikquerung-im-yacht-club-langenargen-am-24-10-2025-1900-einlass-1800/"

[belleamie.2457545572270368400]
description = """

\t\t\t\tSegeln, Griechenland, Mittelmeer, Welt
\t\t\t"""
id = "2457545572270368400"
timestamp = 1757203200
title = "Atlantikquerung im Yacht Club Langenargen am 24.10.2025 19:00, Einlass 18:00 – Belle Amie"
url = "https://sy-belleamie.de/blog/atlantikquerung-im-yacht-club-langenargen-am-24-10-2025-1900-einlass-1800/"

[belleamie.7404010788073419893]
description = """

\t\t\t\tSegeln, Griechenland, Mittelmeer, Welt
\t\t\t"""
id = "7404010788073419893"
timestamp = 1755648000
title = "Aktueller Stand – Belle Amie"
url = "https://sy-belleamie.de/blog/aktueller-stand/"

[blauwassersegeln.11839818207051358731]
description = "Blauwassersegeln mit dem Lebenspartner. Ihr seid nicht nur ein Segelteam: Nehmt euch Zeit für eure Beziehungspflege unterwegs!"
id = "11839818207051358731"
timestamp = 1757980800
title = "Partnerschaft an Bord - Teil 9 - blauwassersegeln.at"
url = "https://blauwassersegeln.at/partnerschaft-an-bord-teil-9-beziehungspflege-unterwegs/"

[blauwassersegeln.15201531142912569541]
description = "Blauwassersegeln mit dem Lebenspartner. Segeln als Paar. Welche Konflikte auf See gibt es und wie kannst du sie vermeiden."
id = "15201531142912569541"
timestamp = 1757980800
title = "Partnerschaft an Bord - Teil 10 - blauwassersegeln.at"
url = "https://blauwassersegeln.at/partnerschaft-an-bord-teil-10-konflikte-auf-see/"

[blauwassersegeln.8978144772309477891]
description = "Das K.I.S.S.-Prinzip für Segler - wie wird meine Yacht autark und \"unaufhaltsam\" - Ausrüstung und Vorbereitung zum Fahrtensegeln"
id = "8978144772309477891"
timestamp = 1759190400
title = "Die unaufhaltsame Yacht - Teil 2: Das K.I.S.S.-Prinzip - blauwassersegeln.at"
url = "https://blauwassersegeln.at/die-unaufhaltsame-yacht-teil-2-das-k-i-s-s-prinzip/"

[bluehorizonsailing.11597880094120382075]
description = ""
id = "11597880094120382075"
timestamp = 1754870400
title = "impressum — BLUE HORIZON"
url = "https://www.bluehorizonsailing.de/impressum"

[bluehorizonsailing.17292113120000683979]
description = ""
id = "17292113120000683979"
timestamp = 1744848000
title = "Links — BLUE HORIZON"
url = "https://www.bluehorizonsailing.de/links"

[bluehorizonsailing.3426389443443662923]
description = ""
id = "3426389443443662923"
timestamp = 1732752000
title = "impressum — BLUE HORIZON"
url = "https://www.bluehorizonsailing.de/impressum"

[bluejoline.14449225233853540928]
description = "05.06.2025"
id = "14449225233853540928"
timestamp = 1754870400
title = "Der Königspalast - Palacio Real de Madrid"
url = "https://blue-joline.com/der-koenigspalast-palacio-real-de-madrid/"

[bluejoline.7236342569758061187]
description = "02.06.2025 - 07.06.2025"
id = "7236342569758061187"
timestamp = 1754784000
title = "Karibik - Tagebuch - Band II - Nr. 44"
url = "https://blue-joline.com/karibik-tagebuch-band-ii-nr-44/"

[bluejoline.9404304759370189161]
description = "Juni 2025"
id = "9404304759370189161"
timestamp = 1755043200
title = "Madrid: Santa Iglesia Catedral Metroplitana de Santa Maria la Real de la Almudena"
url = "https://blue-joline.com/madrid-santa-iglesia-catedral-metroplitana-de-santa-maria-la-real-de-la-almudena/"

[elenaundben.13633096136568062374]
description = "Leichter, veganer Berglinsensalat mit knackiger, frischer Roter Beete, Babyblattspinat und/oder Salat, Safran, Pinienkernen in einem Balsamicodressing. Perfekt für die warmen Sommertage."
id = "13633096136568062374"
timestamp = 1692057600
title = "Frischer Linsensalat"
url = "https://elenaundben.de/blogs/rezepte/linsensalat"

[elenaundben.5315092676896962089]
description = "Vegane und vegetarische Rezeptideen für dich Zuhause, für die Boots-Küche oder einfach für deinen Vanalltag."
id = "5315092676896962089"
timestamp = 1692057600
title = "REZEPTE"
url = "https://elenaundben.de/blogs/rezepte"

[elenaundben.7710908523502664131]
description = """
Inspiriert von den Farben des Meeres - designed auf unserem Segelboot - fair und nachhaltig in Portugal produziert.
Entdecke unsere elenaundben-Fair-Fashion mit einem gewissen Extra und noch vieles MEER"""
id = "7710908523502664131"
timestamp = 1690761600
title = "Q&A"
url = "https://elenaundben.de/blogs/q-a"

[hafenkino.413537615453767528]
description = "Es gab einen kritischen Fehler auf deiner Website."
id = "413537615453767528"
timestamp = 1722124800
title = "WordPress › Fehler"
url = "https://hafenkino.blog/die-rias-in-galizien-spaniens-karibik/"

[hafenkino.7550071739092387472]
description = "Effiziente Werkzeugordnung an Bord: Dein Werkzeug optimal organisiert und immer griffbereit! Der perfekte Leitfaden für Segler."
id = "7550071739092387472"
timestamp = 1722124800
title = "Werkzeugordnung an Bord: Ein perfekter Leitfaden für Segler • HAFENKINO.blog | Segelblog"
url = "https://hafenkino.blog/effiziente-werkzeugordnung-fuer-segler/"

[hafenkino.9804691033076814562]
description = "So haben wir unser Energiemanagement auf Segelbooten für Langfahrt umgesetzt. Mit Solar, Wellengenerator und moderner Technik - ein autarkes Leben auf See!"
id = "9804691033076814562"
timestamp = 1738886400
title = "Autark auf dem Segelboot: Unser Energiekonzept für Langfahrt und Blauwasser • HAFENKINO.blog | Segelblog"
url = "https://hafenkino.blog/energiemanagement-segelbooten-langfahrt-autark/"

[joyfull_sailing.13839543824247355308]
description = ""
id = "13839543824247355308"
timestamp = 1755388800
title = "Beitrag | Joyfull Sailing"
url = "https://www.joyfull-sailing.ch/post/in-den-peleponnes-und-zurück"

[joyfull_sailing.15259736878145233599]
description = ""
id = "15259736878145233599"
timestamp = 1746748800
title = "Beitrag | Joyfull Sailing"
url = "https://www.joyfull-sailing.ch/post/von-korfu-in-den-ambrakischen-golf"

[joyfull_sailing.4194572051425938230]
description = ""
id = "4194572051425938230"
timestamp = 1750636800
title = "Beitrag | Joyfull Sailing"
url = "https://www.joyfull-sailing.ch/post/südlich-von-lefkas-im-binnenmeer-von-griechenland"

[metadata]
bloom = "0106070000000000000a00000044663daa875da5d2206dc91068eb2330bc3a08fbde3fd4ee03ddbfb3d991807b1a2a1b0d1a000a24416008cfc010000038c200c28241460d799412c0b00003e49041c160380c00120201520851a400805890aa9000e0e0cca1802300004211100802349b3aa11020f744cc0221781a1143120a8081226a500cd20104a68012800800614108a1090444201e119ca2013000286508110c0358603008c8002c02484100118205840042e86c880081a0210918402845000a442920d4609600004c20d8003241c30d10840a4082482144032c60f89a40801c2200a615015800a091001875980041d4c10645300b202000014018813088205a80115034610808241488019042295640a03040040102418012b00028220144025060116c104411240069081300008004020c149e80b90381872400918a838000881a6b14266446f50cc1c4091216d19b15c8c214e3151c044c042e25909518482858000e88900801a4001013479ca2005008808653844006008c832c021408b00561b1e6100023422c2148648299884800088a28a03894146014c03220300000a4014244397104a400450b43a481040240c898ca41030610810a42b502881cf0012008c916088095912022018100234a2889058c4004200217410040b00148a40260648420198780c810a9010044c281421200248058048266480c20481526342207ee5c52c901923010030241800912c33420041c1290d444002002153492070670008801005685108800100dc00e18000e50800c298c2860988001400121414c800209022a2841012688424015c8e3860500664000404421084020050d0c108c06150408004220100410c24e040087600d100c1046600691434002020006c4080c44d080c111289b18690050402001044050845065409c508ccd82083c32e2280c9a21014c40c2809201a4c23466000810406b2f229c301108521b64c508d03c014457010104ed222c04450a40d1e3081c038a8a11e88100009c16c7a6a528082002840031021d2c001001110ba34c23c38740042a0291a084314c002c00894000c08084202400121091000a84d4088c030c44506093013506ca0669878f20821015101c59010e3900695014058405a20032c2023810260005220a9400140800394f2810000051c2a18142810321300006c0042031ed0c00019062011500084160080808803528108e44c66030404296010613c0348dc900446404e2e060131c280c0a000070048800890040208c80810c8c004a0501003a2b0a028e29000000000a0002054800c500207018042408891a880b9204003113bc400002d66110100461ac8a133488a900001a6040505648a400c0420412000478000946344483cf6903c820001029220480811020312094c240810047a11041c800953438044304a98442012180c0c20806a108e82200000010274383102616209029a321100d2801111804728200307300911442c0250102410147584281000728232002f90819410040c04c206442280444c020a22a0c4900900402c486432b56000c01358d8485e585181c04868200049101420a12650ac81029402aa3404c440145000821000b40228c8b4109b40842984201088e215ad1825d0cb110114c000303a41014c40ce2000000ba64006422d18488000054c2140a10088a43413a806460e2220062cc00583010a10c98d65586f4c041400400052624880142c420200011241004430010434a0b390a510800403829b94203e0000000c480a8b640e830421020028d81059480004d4204043cc03100c80c146018f64188448072038000a0c2e680402244c79155fe0195404549006504500240010080022295268501535200200883c60a99824000290020535000029d933100207d0b0d0124180028acca02960020001110118213080fd0ca12346012a00a7252062040406c1400858a28c81c8691404c2068012201f8192049300426032c82c606c8132511092202880219188010045889403d85889a2b4200a40b81e420240cc96c5f099113320100b4388100909c68040e3149667d40c80a8c0046928650080110608219000011214020032403700c4302e2000630e013c328a52d2643801518008800681cd3410088a2c882001409a208050801033092420020040846004429105601588b188b25a4c8351eb2320206048406128c883140440321a498058211e60000111c100db802313004468842260210229839af021ae01458150090042210e02248b480a0605ecf00c140010302638084846224100503028574044e00892020310c0040c0011105700c0000486807a0ab58015a022546c0206c082100822116003800e4144f23347400041041c030000c1350290222811080b8a2220820a1320141102809800180094482210d6410c09010c63d10310202ca8e66101011c04a2b00269601670c0232cd189c0c5c11251e4e96c62c018480444e11024140025a8506006030c11ce11840c8a80444280cb426804c20467886028400b85240020410590c03446b000602320022028880084004b801081091c00530"

[milagros.17308324998838712232]
description = "For the next couple of weeks, we embarked on all the good times one could possibly think of with our close-knit group of friends, living our best lives."
id = "17308324998838712232"
timestamp = 1720742400
title = "Island Hopping And Good Times And Farewells"
url = "https://milagros.ch/island-hopping-adventures-farewells/"

[milagros.1770449122808386092]
description = "Für ein paar Wochen tummeln wir uns mit unseren guten Freunden kreuz und quer in der Sea of Cortez herum und leben unser bestes Leben."
id = "1770449122808386092"
timestamp = 1720742400
title = "Inselhüpfen, gute Zeiten und Abschiede"
url = "https://milagros.ch/de/inseln-abenteuer-abschiede/"

[milagros.8535629904165561693]
description = "We meet up with cruiser friends from Puerto Peñasco and celebrate two birthdays."
id = "8535629904165561693"
timestamp = 1717718400
title = "Sailors United: A Flotilla Adventure"
url = "https://milagros.ch/sailors-united-a-flotilla-adventure/"

[sailing_amelija.11387960691702004984]
description = "Am 19. Juni um ca. 17:00 Uhr starteten wir unseren Törn nach Trinidad. Es sollte unsere letzte Überfahrt auf Amelija werden, bevor wie sie in die Hände des neuen Eigners übergeben. Der Wind kam wie immer in der Karibik aus dem Osten, nur diesmal fuhren wir den Großteil der Strecke durch den Äquatorialstrom mit einer Stärke von teils über 2Knoten, die uns nach Westen versetzte."
id = "11387960691702004984"
timestamp = 1695340800
title = "Trinidad - der Abschied - AMELIJA"
url = "https://sailing-amelija.de/trinidad-der-abschied/"

[sailing_amelija.14391093779536786787]
description = "So wie es auf Antigua heißt es gäbe 365 Strände, also ein Strand für jeden Tag im Jahr, so gibt es auf Dominica 365 Flüsse."
id = "14391093779536786787"
timestamp = 1687996800
title = "Nature Island Dominica - AMELIJA"
url = "https://sailing-amelija.de/nature-island-dominica/"

[sailing_amelija.18361072664429211615]
description = "Südlich der Grenadinen liegt Grenada mit der dazugehörigen Insel Carriacou. Unserer Route nach Süden folgend gingen wir am 8.6. bei Carriacou vor Anker. Die Überfahrt von Union Island war mit 11 Seemeilen sehr kurz, aber angenehm."
id = "18361072664429211615"
timestamp = 1688083200
title = "Grenada - neue Buchten und alte Bekanntschaften - AMELIJA"
url = "https://sailing-amelija.de/grenada-neue-buchten-und-alte-bekanntschaften/"

[sailingmabul.1348439004803825265]
description = "Immerse yourself in our Boat Break in Colombia in this gallery – hiking, waterfalls, hot springs, and the fascinating local cuisine."
id = "1348439004803825265"
timestamp = 1755734400
title = "Boat Break in Colombia - Gallery - Sailing Mabul"
url = "https://www.sailingmabul.com/en/2025/08/21/gallery-the-vacation/"

[sailingmabul.15539842464909762]
description = "Tauche in der Galerie ein in unsere Bootspause in Kolumbien – Wandern, Wasserfälle, heiße Quellen und die faszinierende lokale Küche."
id = "15539842464909762"
timestamp = 1755734400
title = "Bootspause in Kolumbien - Galerie - Sailing Mabul"
url = "https://www.sailingmabul.com/2025/08/21/galerie-der-urlaub/"

[sailingmabul.15745324578124698952]
description = "Immerse yourself in our Boat Break in Colombia in this gallery – hiking, waterfalls, hot springs, and the fascinating local cuisine."
id = "15745324578124698952"
timestamp = 1751414400
title = "Boat Break in Colombia - Gallery - Sailing Mabul"
url = "https://www.sailingmabul.com/en/2025/07/02/gallery-the-vacation/"

[sailingnakiipu.16013365068778409301]
description = "# sailing Begleitet die Abenteuer mit unserem Segelboot, Nakii Pu, auf dem Meer. Wir sind eine chaotische, fünf köpfige Familie."
id = "16013365068778409301"
timestamp = 1668211200
title = "Blog - Sailing Nakii Pu"
url = "https://sailing-nakiipu.com/blog/"

[sailingnakiipu.7710580412134728062]
description = "#sailing Begleitet die Abenteuer mit unserem Segelboot, Nakii Pu, auf dem Meer. Wir sind eine chaotische, fünf köpfige Familie."
id = "7710580412134728062"
timestamp = 1668211200
title = "#5 Es geht los- anders als geplant – aber das Abenteuer beginnt - Sailing Nakii Pu"
url = "https://sailing-nakiipu.com/5-es-geht-los-anders-als-geplant-aber-das-abenteuer-beginnt/"

[sailingnakiipu.8486904960258213127]
description = "#sailing Begleitet die Abenteuer mit unserem Segelboot, Nakii Pu, auf dem Meer. Wir sind eine chaotische, fünf köpfige Familie."
id = "8486904960258213127"
timestamp = 1667779200
title = "#4 Unser Boot… - Sailing Nakii Pu"
url = "https://sailing-nakiipu.com/4-unser-boot/"

[sailingseapearl.10706882438498462059]
description = "Die Sea Pearl liegt sicher im Changi Sailing Club und wir erkunden Singapur. Wir erleben beeindruckende Vielfalt und Architektur und tolles Essen."
id = "10706882438498462059"
timestamp = 1736121600
title = "Sightseeing in Singapur - Sailing Sea Pearl"
url = "https://sailingseapearl.de/blog/sightseeing-in-singapur/"

[sailingseapearl.1545895371742900715]
description = "Wir fahren mit unserer Sea Pearl durch die vielbefahrene Malakka Straße und genießen dann das Inselhüpfen entlang der südostasiatischen Halbinsel."
id = "1545895371742900715"
timestamp = 1750032000
title = "Durch die Malakka Straße - Sailing Sea Pearl"
url = "https://sailingseapearl.de/blog/durch-die-malakka-strasse/"

[sailingseapearl.6097612150402367624]
description = "Wir segeln mit der Sea Pearl von Thailand auf die Malediven. Mit Familiencrew an Bord haben wir eine schnelle Überfahrt und genießen dann das Urlaubsfeeling."
id = "6097612150402367624"
timestamp = 1754179200
title = "Überfahrt von Thailand auf die Malediven - Sailing Sea Pearl"
url = "https://sailingseapearl.de/blog/ueberfahrt-von-thailand-auf-die-malediven/"

[sybruty.10248685365429706287]
description = "Wir müssen uns bei der Abfahrt immer nach der Strömung richten. Eher weniger nach Hoch- oder Niedrigwasser. Da die Häfen, die wir bis jetzt angelaufen sind immer tidenunabhängig sind. Das heißt es ist selbst bei Niedrigwasser immer mindestens 3 m Wasser im Hafen. 3 m ist für uns so ein Mindestwasserstand, den wir gerne hätten. […]"
id = "10248685365429706287"
timestamp = 1721520000
title = "L'Aber Wrac'h - Flussidylle - SY-Bruty"
url = "https://www.sy-bruty.de/laber-wrach-flussidylle/"

[sybruty.13131839791965355430]
description = "Etwas verspätet, aber nun kommt doch noch ein Statement zu Brest. In Brest gibt es zwei Marinas vom gleichen Betreiber. Die Marina du Château ist nahe der Stadt und wie der Name verrät, direkt an der Burg. Hier ist Jubel, Trubel, Heiterkeit und somit auch eine entsprechende Geräuschkulisse. Da wir schon wussten, dass wir länger […]"
id = "13131839791965355430"
timestamp = 1723507200
title = "Brest - viel erlebt in Hafen, Stadt und Krankenhaus - SY-Bruty"
url = "https://www.sy-bruty.de/brest-viel-erlebt-in-hafen-stadt-und-krankenhaus/"

[sybruty.1507229557184611132]
description = ""
id = "1507229557184611132"
timestamp = 1723507200
title = "Blog - SY-Bruty"
url = "https://www.sy-bruty.de/blog/"

[syflora.10872673640267836907]
description = "Die Vava‘u-Gruppe hat viele Facetten. Niedrige, palmenbestandene Inselchen prägen den Süden, im Norden aber erhebt sich wie ein Bollwerk Tonga‘s zweitgrößte Insel mit ihren schroffen Steilküsten au…"
id = "10872673640267836907"
timestamp = 1758585600
title = "Tonga: an der Steilküste von Vava‘u; Walgesang und Spinner-Delfine"
url = "https://syflora.blog/2025/09/23/tonga-an-der-steilkueste-von-vavau-walgesang-und-spinner-delfine/"

[syflora.12918063170997537179]
description = "Zum Abschied geht’s mit Emma und Claas noch einmal an einen Ankerplatz im Inneren der Vava‘u-Gruppe. Es hat immer noch recht viel Wind, wir wählen daher den Ankerplatz #8, Nuku. Der Name steht für …"
id = "12918063170997537179"
timestamp = 1758758400
title = "Tonga: Nuku zum Abschied für Emma und Claas"
url = "https://syflora.blog/2025/09/25/tonga-nuku-zum-abschied-fuer-emma-und-claas/"

[syflora.8245967241290223519]
description = "Bisher haben wir uns in Tonga‘s Vava‘u-Gruppe fast nur im besser geschützten zentralen und nordwestlichen Teil aufgehalten. Es wird Zeit, auch den etwas exponierteren Süden und die Inseln am Ostrif…"
id = "8245967241290223519"
timestamp = 1759190400
title = "Tonga: mit Federsternen und Kugelfischen zur Ostküste von Vava‘u"
url = "https://syflora.blog/2025/09/30/tonga-mit-federsternen-und-kugelfischen-zur-ostkueste-von-vavau/"

[sygegenwind.5695290564169065341]
description = "Wir hoffen ihr hattet schöne Ostertage!"
id = "5695290564169065341"
timestamp = 1745366400
title = """

Winterschlaf | Mit Gegenwind um die Welt\t"""
url = "https://sy-gegenwind.de/2025/04/winterschlaf/"

[sygegenwind.9311737255998750862]
description = "Jemand hat an der Uhr gedreht – Gefühlt vergeht die Zeit in Deutschland deutlich schneller als andernorts. Vielleicht liegt es aber auch nur daran, das wir viele kleine Dinge, eigentlich unbedeutende Dinge, wieder neu etablieren müssen, die für jeden anderen in Deutschland ganz normal sind und über die keiner mehr nachdenkt.So stand Helge vor ein paar Wochen beim Autoverleiher um einen Mietwagen zu nehmen. Da gab es doch tatsächlich die Aussage – „NEIN, einen Wagen bekommen Sie mit dem alten grauen Führerschein nicht mehr!“ Dabei guckte die Dame, als käme Helge aus der Steinzeit und ihr Kommentar sagte auch nichts anderes: „So einen Führerschein habe ich schon lange nicht mehr gesehen!“Zum Glück funktionierte die Führerscheinbehörde und mit dem Antrag auf ein zeitgemäßes Dokument und einem Stempel auf „dem grauen Lappen“ klappte es dann auch mit dem Mieten eines Autos."
id = "9311737255998750862"
timestamp = 1749254400
title = """

Gegenwind bekommt ein neues Kleid | Mit Gegenwind um die Welt\t"""
url = "https://sy-gegenwind.de/2025/06/gegenwind-bekommt-ein-neues-kleid/"

[sygegenwind.9483708146603599863]
description = "Die nächste große Neuerung in unserem Leben ist seit Anfang Juni 2025 eingetreten. Helge steht wieder voll im Arbeitsleben – in der Schifffahrtsindustrie."
id = "9483708146603599863"
timestamp = 1753920000
title = """

Ganz schön anstrengend | Mit Gegenwind um die Welt\t"""
url = "https://sy-gegenwind.de/2025/07/ganz-schoen-anstrengend/"

[syjobber.16511089126624275996]
description = "Wir verließen Boston sobald es hell genug war, gegen 6.00 Uhr morgens, zusammen mit einem Kreuzfahrtschiff, denn wir hatten eine lange Etappe vor uns bis zum Cape Cod Kanal, an dessen Eingang wir nachmittags sein wollten, um die Strömung in unserer Richtung zu haben. Wir schlängelten uns durch die zahlreichen vorgelagerten Inseln vor Boston und konnten endlich mal wieder segeln. Um 16.00 Uhr waren wir im Kanal und rauschten mit fast 10 kn Speed hindurch, da die Strömung uns kräftig von hinten schubste. Am Ausgang des Cape Cod Kanals angekommen, nutzten wir die Zeit bis zur Dunkelheit und den guten Wind, um noch ein bisschen voranzukommen. Zu oft hatten wir sehr wenig Wind … unser Boot ist ja kein Leichtwindboot … unter 11-12 kn Wind kommen unsere 20 t nicht in Fahrt. Kurz vor Einbruch der Dunkelheit erreichten wir, vorbei an einigen malerischen Leuchttürmen, die Bucht von Woodshole, wo wir auf dem Hinweg schonmal geankert hatten. Immer wieder schön irgendwo anzukommen, wo man schonmal war … man kennt sich aus. Der Tag war ganz schön lang, vom ersten bis zum letzten Licht, und wir fielen müde in die Koje."
id = "16511089126624275996"
timestamp = 1758931200
title = "Von Boston nach Baltimore"
url = "https://www.sy-jobber.de/2025/09/27/von-boston-nach-baltimore/"

[syjobber.1718506920630391070]
description = "Nach diversen Reparaturen ging es jetzt nach über einer Woche in Somesville, diesem schönen und geschützten Platz, wieder los nach Westen, denn wir hatten eine Verabredung für den 4. September. Wir lösten die Leine der Boje und verließen diesen langen Fjord, der uns so zuverlässig vor ERIN, dem Hurricane, beschützt hatte. Ed, den wir in ein paar Tagen besuchen würden, hatte uns per WhatsApp ein paar Vorschläge für Ankerbuchten gemacht, die wir auf dem Weg abklapperten, eine schöner als die andere. So wunderschön Maine auch ist, die Etappen durch die Lobsterpods sind sehr anstrengend … man starrt stundenlang auf einen bestimmten Sektor im Wasser, Thomas Backbord, Jutta Steuerbord und gibt hin und wieder mal Alarm für eine kurze Richtungsänderung … bei gutem Wetter und wenig Welle geht das, bei trübem Wetter oder Gegenlicht und Wellen, hinter denen die Pods sich verstecken, wird es richtig übel."
id = "1718506920630391070"
timestamp = 1757894400
title = "Maine … an der Küste entlang nach Boston"
url = "https://www.sy-jobber.de/2025/09/15/maine-an-der-k%C3%BCste-entlang-nach-boston/"

[syjobber.6550389246510111544]
description = "Nachdem wir uns von der Nachtfahrt erholt hatten, die Zutaten für ein Brot im Backautomaten hatten, konnte es nach einer ruhigen Nacht wieder los gehen. Unser Ziel für diesen Tag war Port Clyde, ein kleines Fischerdorf mit Bojenfeld und Ankerbucht, gleich hinter Blubber Island. Die Fahrt, weitgehend unter Motor, gestaltete sich sehr anstrengend, da es hier unglaublich viele, verschieden farbige Pods (Bojen mit Lobsterkörben) gab, um die wir herum manövrieren mussten. Die Praxis: jeder guckt auf seiner Seite und macht eine Ansage, hatte sich bewährt … „rot-blau auf 1.00 Uhr“ … „grün-rot auf halb 12“ … manchmal mussten wir spontan den Motor ausschalten, um keine Leine in den Propeller zu bekommen, wenn es zu viele Pods wurden und wir nicht mehr ausweichen konnten. Später erfuhren wir, dass jeder Fischer bis zu 800 Pods in seinen individuellen Farben und in einem bestimmten Gebiet ausbringen darf … Wahnsinn!"
id = "6550389246510111544"
timestamp = 1756425600
title = "Maine … an der Küste lang nach Osten"
url = "https://www.sy-jobber.de/2025/08/29/maine-an-der-k%C3%BCste-lang-nach-osten/"

[sypicaroon.15613077328284721187]
description = "Wie bereits in 2021 ging es bei schönstem Segelwetter gegen Mittag von der Marina Rubicon auf Lanzarote los und schon nach ein paar Meilen bekamen wir Besuch von einzelnen Delfinen und einer Schule Pilotwalen. Für die ersten 3 Stunden lief der Motor unterstützend mit. Dann ging es mit Groß, Genua und Kuttersegel in die erste Nacht. Als der Wind zeitweise auf 5 bft. auffrischte habe ich sicherheitshalber ein erstes Reff ins Groß gebunden, die Genua eingerollt und die Fock nach Stb. ausgebaumt. Die Aries Windsteueranlage funktioniert nach der Reparatur in Tazacorte wieder tadellos. Leider hatte ich oftmals in Unwissenheit die Gelenke und das Pendelruder mit mineralischem WD40 Öl behandelt. Dadurch sind die Teflonbuchsen im Pendelrohr aufgequollen und alles ging nur noch sehr schwergängig. Bei leichtem Wind ist das Schiff in Folge dessen immer wieder aus dem Ruder gelaufen. Bis auf ein paar ziemlich dichte Begegnungen mit der Berufsschiffart verlief die Nacht bei leichtem Wind aus NE entspannt und ich konnte im 20 min. Intervall etwas Schlaf bekommen. Am späten Vormittag hatten wir die NE Spitze von Teneriffa querab und der Wind frischte wieder etwas auf. Das Reff im Groß hatte ich bereits früh am Morgen ausgeschüttelt, was sich im Nachhinein aber als Fehler herausstellte. Auf dem Weg zur NW Spitze baute sich eine hohe Windsee aus NE auf, die im 90 grad Winkel gegen die lange Dünung aus NW auflief. Die Folge war mal wieder eine unangenehme Kreuzsee. Nach einzelnen Boen von bis zu 38 Ktn. entschloß ich mich viel zu spät, wieder ein Reff ins Groß zu binden. Die Fock war weiterhin nach Stb. ausgebaumt. Durch die zu große Segelfläche im Groß hatte die Aries bereits Schwierigkeiten den Kurs zu halten. Also ging es angeleint aufs Vorschiff und es wurde gerefft. Als es bereits dunkel war rundeten wir die NW Spitze und nach weiteren 2 Stunden war der Wind wie angekündigt schlagartig weg. Die restliche Nacht verbrachten wir im Geschaukel unter Motor. Da wir erst gegen Mittag in den Hafen konnten haben wir noch eine Runde bis nach Vueltas gedreht ind vergeblich versucht einen Fisch fürs Abendessen zu fangen. Das Einlaufen in den Hafen von San Sebastian fühlte sich für mich wie ein Nachhausekommen an. Hier gefällt es mir immer noch am Besten und ich werde voraussichtlich wieder eine lange Zeit auf der schönen Insel verbringen."
id = "15613077328284721187"
timestamp = 1678752000
title = "Westwärts nonstop nach Gomera"
url = "https://www.sy-picaroon.de/2023/03/14/westw%C3%A4rts-nonstop-nach-gomera/"

[sypicaroon.16743432544381412501]
description = "Von Pasito Blanco nach Morro Jable Gegen Mittag sind wir wir zuerst nach Norden an der Küste hochgefahren um einen besseren Windwinkel nach Fuerteventura zu bekommen. Da wir noch bei Tageslicht auf dem Ankerplatz unterhalb der Kirche von Morro Jable eintreffen wollten, planten wir einen Ankerstopp in der Bahia de Arinaga. Hier liegt man hinter einer großen Industriemole sehr geschützt gegen den Atlantikschwell aber nicht frei von starker Geruchsbelästigung durch ein naheliegendes Klärwerk. Martina und Jens von der Maje hatten die gleiche Idee und so konnten wir die morgige Überfahrt gemeinsam angehen. Am nächsten Morgen ging es sehr früh Ankerauf und erstmal Kurs NE um weitere Höhe gutzumachen. Dann im rechten Winkel durch das Verkehrstrennungsgebiet und wieder etwas angeluft auf direkten Kurs zur Südspitze von Fuerteventura. Da ich auf die starken Fallwinde durch meine letzte Ansteuerung vorgewarnt war, fiel das Großsegel bereits als der Leuchturm querab lag. Der Motor meldete jedoch nach kurzer Laufzeit eine Überhitzung und wurde sofort abgeschaltet. Das Schiff wurde mit gereffter Genua und Autopilot auf Kurs gehalten und ich begab mich unter Deck, um die Ursache zu ergründen. Den Impeller der Wasserpumpe hatte ich vor 2 Jahren gewechselt und vor der Abfahrt auf La Palma nochmal kontrolliert. Nun hatte sich eine Flunke gelöst und in der Saugleitung festgesetzt. Natürlich pünktlich mitten in den schönsten Fallwinden. Die Instandsetzung nahm dann gefühlte 2 Stunden in Anspruch und wir kamen mit dem letzten Tageslicht am Ankerplatz an. Die folgenden Ankertage verbrachten wir mir langen Strandwanderungen und genossen die erstklassigen Fischgerichte der örtlichen Gastronomie. Einzig die immer stärker werdende Dünung und die akrobatischen Einlagen beim Anlanden und Ablegen mit dem Dingy verhinderten eine längere Aufenthaltsdauer. Nun lockt uns die Marina Rubicon auf Lanzarote, wo ein längerer Aufenthalt geplant ist."
id = "16743432544381412501"
timestamp = 1678320000
title = "Von Pasito Blanco nach Morro Jable"
url = "https://www.sy-picaroon.de/2023/03/09/von-pasito-blanco-nach-morro-jable/"

[sypicaroon.5780778972941526711]
description = "Während ich diese Zeilen schreibe befinde ich mich auf hoher See in Richtung Madeira mit dem Ziel Porto Santo, der kleinen Nachbarinsel im Nordosten des Archipels. Nach nunmehr 3 Jahren auf den Kanaren ist ein Tapetenwechsel überfällig gewesen. Mit etwas Wehmut habe ich in San Sebastian auf La Gomera die Leinen gelöst und mich nach einem kurzen Stopp auf La Palma auf den Weg gemacht. So langsam wachsen auch die Seebeine wieder, die die letzten Monate etwas zu kurz gekommen sind. Das anfängliche Übelsein ist nun wieder der Freude am Segeln gewichen. Auch an den Wach-u. Schlafrythmus des Einhandseglers habe ich mich schnell wieder gewöhnt. Einzig die Bedenken bezüglich der Orca Attacken an der Portugiesischen Küste sind noch im Kopf und verursachen ein Unbehagen hinsichtlich der weiteren Etappe der Überfahrt zum Festland. Der aktuelle Plan lautet, auf Porto Santo auf ein sicheres Wetterfenster zur Weiterfahrt an die Algarve zu warten. Dort soll die Picaroon für den Sommer an Land gestellt werden. Im Herbst geht es dann weiter in Richtung Andalusien und vielleicht auch ins Mittelmeer."
id = "5780778972941526711"
timestamp = 1710633600
title = "Abschied von den Kanaren"
url = "https://www.sy-picaroon.de/2024/03/17/abschied-von-den-kanaren/"

[sysilence.1850493159907873687]
description = "Nach unserem Chartertörn besuchten wir für ein paar Tage unsere Freunde Solveig & Arno. Wir können quasi genau vor Arnos Haus ankern, in einer wunderschönen türkisfarbenen Bucht."
id = "1850493159907873687"
timestamp = 1757289600
title = """

Januar 2025 – kleine Wanderungen auf Antigua | Segelyacht Silence\t"""
url = "https://sy-silence.de/2025/09/08/januar-2025-kleine-wanderungen-auf-antigua/"

[sysilence.4480910703023519073]
description = "Um unsere Bordkasse etwas aufzufrischen, haben wir ja ab und an AirBnB-Gäste an Bord. Größtenteils sind diese für ein paar Tage bei uns an Bord während wir vor Green Island ankern. Aber ein paar Mal hatten wir auch schon Gäste mit denen wir etwas um Antigua gesegelt sind. Und einigen unserer Gäste gefiel das so gut, dass sie direkt fürs kommende Jahr wieder einen Urlaub bei uns buchten. Dieses Mal, sollte dies der längste Gäste-Trip werden, den wir je hatten, nämlich 17 Tage."
id = "4480910703023519073"
timestamp = 1756944000
title = """

Dezember 2024 – Vorbereitung auf den Weihnachts-Chartertörn | Segelyacht Silence\t"""
url = "https://sy-silence.de/2025/09/04/dezember-2024-vorbereitung-auf-den-weihnachts-chartertoern/"

[sysilence.829662048005602425]
description = "So gerne wir zum Kitesurfen in Antigua sind, so sehr freuen wir uns doch immer, dass wir zum Einkaufen nach Guadeloupe können. Antigua kommt einem bezüglich Einkaufsmöglichkeiten vor wie eine Wüste, während Guadeloupe eine wunderschöne Oase ist."
id = "829662048005602425"
timestamp = 1758412800
title = """

Februar 2025 – Großeinkauf in Guadeloupe | Segelyacht Silence\t"""
url = "https://sy-silence.de/2025/09/21/februar-2025-grosseinkauf-in-guadeloupe/"

[syslisand.14522207969757587168]
description = ""
id = "14522207969757587168"
timestamp = 1727913600
title = "Wenn es eine Sauna wäre, würde ich rausgehen - Der Sommer in Griechenland"
url = "https://slisand.blogspot.com/2024/10/wenn-es-eine-sauna-ware-wurde-ich.html"

[syslisand.1977506097277947232]
description = ""
id = "1977506097277947232"
timestamp = 1737417600
title = "Einmal quer durch Westeuropa - Wir werden Binnenschiffer"
url = "https://slisand.blogspot.com/2025/01/einmal-quer-durch-westeuropa-wir-werden.html"

[syslisand.6450322636612336747]
description = ""
id = "6450322636612336747"
timestamp = 1720051200
title = "Warum nicht mal mal in den Norden reisen?"
url = "https://slisand.blogspot.com/2024/07/warum-nicht-mal-mal-in-den-norden-reisen.html"

[weltahoi.2096707947771798585]
description = "\"Des Seglers Pläne sind bei Niedrigwasser in den Sand geschrieben\", so heißt es. Wobei dies sicher nicht nur Pläne von Seglern betrifft. Es ist wohl niemand"
id = "2096707947771798585"
timestamp = 1747180800
title = "Pläne ändern sich, und das ist auch gut so!"
url = "https://welt-ahoi.de/2025/05/14/plaene-aendern-sich-und-das-ist-auch-gut-so/"

[weltahoi.3484596070978873902]
description = "Seit dem letzten Blogbeitrag sind mehrere Monate ins Land gegangen. Es wird also Zeit, dass ich mich mal wieder melde. Derzeit fühlt es sich so an, als würde"
id = "3484596070978873902"
timestamp = 1714089600
title = "Zwischen Baum und Borke"
url = "https://welt-ahoi.de/2024/04/26/zwischen-baum-und-borke/"

[weltahoi.5765083794778536888]
description = "Als ich den letzten Beitrag hier geschrieben habe, hatte der Frühling Einzug gehalten, und das Jahr lag noch vor uns. Inzwischen ist es Dezember geworden, und"
id = "5765083794778536888"
timestamp = 1734652800
title = "Das Dessert des Lebens"
url = "https://welt-ahoi.de/2024/12/20/das-dessert-des-lebens/"

[windwanderer.17099789275786988395]
description = "Nach einem intensiven, besuchsreichen und vielfältigen Deutschlandaufenthalt über 3,5 Wochen fliegen wir Ende August wieder zu dritt zum Boot nach Rom…"
id = "17099789275786988395"
timestamp = 1743984000
title = "Von Rom nach Ragusa - Saisonende in Italien | Wind Wanderer"
url = "https://windwanderer.xyz/von-rom-nach-ragusa/"

[windwanderer.17357286237564354678]
description = "Nachdem unser Besuch wieder zurück nach Deutschland gereist ist und auch Elvira und Eric für den Winter zurück nach Tavira geflogen sind, bleibt Chris…"
id = "17357286237564354678"
timestamp = 1747267200
title = "Winterprojekte auf Sizilien | Wind Wanderer"
url = "https://windwanderer.xyz/winterprojekte-auf-sizilien/"

[windwanderer.9780095805958254522]
description = "Die Entscheidung auszulaufen erfolgt am Ende recht spontan, denn eigentlich sind die Wetterverhältnisse nicht optimal. Aber wann sind sie das schon. D…"
id = "9780095805958254522"
timestamp = 1748476800
title = "Auf nach Griechenland | Wind Wanderer"
url = "https://windwanderer.xyz/auf-nach-griechenland/"

[zweiammeer.10110161200374465509]
description = "Gibraltar's Affenfelsen zu Fuß erkunden: Unsere komplette Route mit allen Highlights, Sehenswürdigkeiten und praktischen Tipps - auch für Segler*innen"
id = "10110161200374465509"
timestamp = 1746921600
title = "Der Affenfelsen Gibraltar zu Fuß: Route & Sehenswürdigkeiten"
url = "https://zweiammeer.com/affenfelsen-gibraltar/"

[zweiammeer.10507702662342423915]
description = "Das erste Mal seit Dezember 2022 kommen wir mit unserer YLVI wieder ans europäische Festland. Vor uns liegen saftig grüne Landschaften, wie wir sie schon ewig nicht mehr gesehen haben."
id = "10507702662342423915"
timestamp = 1749945600
title = "Ankern in Spanien: Palmones, Andalusien | Zwei am Meer"
url = "https://zweiammeer.com/ankerplatz-spanien-palmones/"

[zweiammeer.1312206182740906333]
description = "2 Wochen haben wir in La Linea vor Anker verbracht und auf gutes Wetter zum Weitersegeln gewartet. In diesem Beitrag teilen wir unsere Eindrücke und Erfahrungen."
id = "1312206182740906333"
timestamp = 1749945600
title = "Ankern in Spanien: La Linea, Andalusien | Zwei am Meer"
url = "https://zweiammeer.com/ankerplatz-spanien-la-linea/"
