[ahoi.116994629359956432]
description = "Das Riff von Belize ist atemberaubend. Hier sehen wir Haie, Rochen, Delfine, Manatees und natürlich Korallen und Fische in allen Farben"
id = "116994629359956432"
timestamp = 1712016000
title = "Belize - am zweitlängsten Riff der Welt"
url = "https://ahoi.blog/belize-am-zweitlaengsten-riff-der-welt"

[ahoi.15207390538577784660]
description = "Belize ist bekannt für sein Riff, die zahllosen Inselchen und seine atemberaubende Unterwasserwelt. Es ist seit langem ein Traumziel von uns"
id = "15207390538577784660"
timestamp = 1709683200
title = "Belize - Riffe, Inselchen und Mangroven"
url = "https://ahoi.blog/belize-riffe-inselchen-und-mangroven"

[ahoi.5543211821521621047]
description = "Morgen geht es weiter. Die letzten Tage in Belize verbringen wir in Placencia, wo wir ein paar Kleinigkeiten erledigen bevor es los geht."
id = "5543211821521621047"
timestamp = 1713312000
title = "Bye bye Belize"
url = "https://ahoi.blog/bye-bye-belize"

[blauwassersegeln.12395308408226286860]
description = "Aussteigen, ablegen, aufbrechen. Auch du"
id = "12395308408226286860"
timestamp = 1713225600
title = "Finanzielle Vorbereitungen zum Blauwassersegeln"
url = "https://blauwassersegeln.at/finanzielle-vorbereitungen-zum-blauwassersegeln/"

[blauwassersegeln.16445730888391698609]
description = "Anders Leben, die Welt entdecken, aufbrechen. Wir leben in einer Zeit, in der es möglich ist, unseren Lebensweg selbst zu bestimmen und unsere Träume in die Realität umzusetzen. Aber wie lassen sich Träume eigentlich einfangen?"
id = "16445730888391698609"
timestamp = 1712880000
title = "Aufbrechen - aber wie?"
url = "https://blauwassersegeln.at/aufbrechen-aber-wie/"

[blauwassersegeln.8407751694119218542]
description = "In Zusammenarbeit mit dem größten deutschen Blauwassersegler-Verein Trans-Ozean unterstützen wir alle Los-Segler. Beim gemeinsamen Zoom-Abend drehte sich deshalb alles um den Proviant für Ozeansegler. Hier findest du alle Unterlagen zum Vortrag..."
id = "8407751694119218542"
timestamp = 1711497600
title = "Unser TO-Seminar: Proviantieren für eine Ozeanüberquerung"
url = "https://blauwassersegeln.at/proviantieren-fuer-ozeanueberquerung/"

[bluehorizonsailing.1334339429087352928]
description = ""
id = "1334339429087352928"
timestamp = 1709510400
title = "Links — BLUE HORIZON"
url = "https://www.bluehorizonsailing.de/links"

[bluehorizonsailing.14130523162228008775]
description = "Es sind Dinge geschehen, die vieles verändert haben, die uns verändert haben. Wir sind nicht mehr zu dritt oder zu viert unterwegs und das schon seit längerer Zeit. Von heute auf morgen gab es plötzlich andere Fragen in meinem kopf, als die worüber ich den nächsten Blogpost schreibe. Können wir das "
id = "14130523162228008775"
timestamp = 1676505600
title = "Die Reise geht weiter - auch auf diesem Blog — BLUE HORIZON"
url = "https://www.bluehorizonsailing.de/blog/weillckendazugehren"

[bluehorizonsailing.16657504540341275771]
description = ""
id = "16657504540341275771"
timestamp = 1707696000
title = "Links — BLUE HORIZON"
url = "https://www.bluehorizonsailing.de/links"

[elenaundben.13633096136568062374]
description = "Leichter, veganer Berglinsensalat mit knackiger, frischer Roter Beete, Babyblattspinat und/oder Salat, Safran, Pinienkernen in einem Balsamicodressing. Perfekt für die warmen Sommertage."
id = "13633096136568062374"
timestamp = 1692057600
title = "Frischer Linsensalat"
url = "https://elenaundben.de/blogs/rezepte/linsensalat"

[elenaundben.5315092676896962089]
description = "Vegane und vegetarische Rezeptideen für dich Zuhause, für die Boots-Küche oder einfach für deinen Vanalltag."
id = "5315092676896962089"
timestamp = 1692057600
title = "REZEPTE"
url = "https://elenaundben.de/blogs/rezepte"

[elenaundben.7710908523502664131]
description = """
Inspiriert von den Farben des Meeres - designed auf unserem Segelboot - fair und nachhaltig in Portugal produziert.
Entdecke unsere elenaundben-Fair-Fashion mit einem gewissen Extra und noch vieles MEER"""
id = "7710908523502664131"
timestamp = 1690761600
title = "Q&A"
url = "https://elenaundben.de/blogs/q-a"

[hafenkino.12879571680267872852]
description = "Hier bekommst du unsere Tipps, wie du als Ostseesegler, Binnensegler oder Anfänger gut durch den Ärmelkanal kommst."
id = "12879571680267872852"
timestamp = 1701820800
title = "How to: Ärmelkanal für Ostseesegler • HAFENKINO.blog | Segelblog"
url = "https://hafenkino.blog/aermelkanal-fuer-ostseesegler/"

[hafenkino.16118095191656740267]
description = "Du willst auf dem Segelboot überwintern? Hier unsere 5 ultimativen Tipps! Selbst erlebt und getestet in 3 Wintern."
id = "16118095191656740267"
timestamp = 1701907200
title = "5 ultimative Tipps zum Überwintern auf dem Segelboot • HAFENKINO.blog | Segelblog"
url = "https://hafenkino.blog/5-ultimative-tipps-zum-ueberwintern-auf-dem-segelboot/"

[hafenkino.6207824538677526264]
description = "Effiziente Werkzeugordnung an Bord: Dein Werkzeug optimal organisiert und immer griffbereit! Der perfekte Leitfaden für Segler."
id = "6207824538677526264"
timestamp = 1702080000
title = "Werkzeugordnung an Bord: Ein perfekter Leitfaden für Segler • HAFENKINO.blog | Segelblog"
url = "https://hafenkino.blog/effiziente-werkzeugordnung-fuer-segler/"

[milagros.10557711487610477697]
description = "David was once again abroad for two weeks. During his absence, I continued to take care of our to-do list. Additionally, I had big plans."
id = "10557711487610477697"
timestamp = 1711497600
title = "Pati Home Alone 2.0"
url = "https://milagros.ch/pati-home-alone-2-0/"

[milagros.17980377000610701801]
description = "We're breaking free from cabin fever and heading off to Baja California. Finally! Breathtaking landscapes, anchor beers, and unexpected encounters await."
id = "17980377000610701801"
timestamp = 1713139200
title = "Continuing from where we left off"
url = "https://milagros.ch/continuing-from-where-we-left-off/"

[milagros.327456598922650032]
description = "Wir brechen auf und machen uns auf den Weg nach Baja California. Endlich! Atemberaubende Landschaften, Ankerbiere und unerwartete Begegnungen erwarten uns."
id = "327456598922650032"
timestamp = 1713139200
title = "Weiter wo wir aufgehört haben"
url = "https://milagros.ch/de/weiter-wo-wir-aufgehort-haben/"

[sailing_amelija.11387960691702004984]
description = "Am 19. Juni um ca. 17:00 Uhr starteten wir unseren Törn nach Trinidad. Es sollte unsere letzte Überfahrt auf Amelija werden, bevor wie sie in die Hände des neuen Eigners übergeben. Der Wind kam wie immer in der Karibik aus dem Osten, nur diesmal fuhren wir den Großteil der Strecke durch den Äquatorialstrom mit einer Stärke von teils über 2Knoten, die uns nach Westen versetzte."
id = "11387960691702004984"
timestamp = 1695340800
title = "Trinidad - der Abschied - AMELIJA"
url = "https://sailing-amelija.de/trinidad-der-abschied/"

[sailing_amelija.14391093779536786787]
description = "So wie es auf Antigua heißt es gäbe 365 Strände, also ein Strand für jeden Tag im Jahr, so gibt es auf Dominica 365 Flüsse."
id = "14391093779536786787"
timestamp = 1687996800
title = "Nature Island Dominica - AMELIJA"
url = "https://sailing-amelija.de/nature-island-dominica/"

[sailing_amelija.18361072664429211615]
description = "Südlich der Grenadinen liegt Grenada mit der dazugehörigen Insel Carriacou. Unserer Route nach Süden folgend gingen wir am 8.6. bei Carriacou vor Anker. Die Überfahrt von Union Island war mit 11 Seemeilen sehr kurz, aber angenehm."
id = "18361072664429211615"
timestamp = 1688083200
title = "Grenada - neue Buchten und alte Bekanntschaften - AMELIJA"
url = "https://sailing-amelija.de/grenada-neue-buchten-und-alte-bekanntschaften/"

[sailingmabul.13687159655522208745]
description = "While cruising in Panama, we not only explore San Blas, but also Colon, the canal and Panama City. The contrast to San Blas is stunning."
id = "13687159655522208745"
timestamp = 1713484800
title = "Cruising Panama - Sailing Mabul"
url = "https://www.sailingmabul.com/en/2024/04/19/gallery-panama/"

[sailingmabul.15494592397914609520]
description = "Beim Segeln in Panama erkunden wir nicht nur San Blas, sondern auch Colon, den Kanal und Panama City. Der Kontrast zu San Blas ist krass."
id = "15494592397914609520"
timestamp = 1713484800
title = "Segeln in Panama - Sailing Mabul"
url = "https://www.sailingmabul.com/2024/04/19/galerie-panama/"

[sailingmabul.17017548197424466361]
description = "After all the tasks, we are cruising again and return to San Blas, this time with Karin's father George, who accompanies us for two weeks."
id = "17017548197424466361"
timestamp = 1712880000
title = "Cruising San Blas 2 - Sailing Mabul"
url = "https://www.sailingmabul.com/en/2024/04/12/gallery-san-blas-ii/"

[sailingnakiipu.16013365068778409301]
description = "# sailing Begleitet die Abenteuer mit unserem Segelboot, Nakii Pu, auf dem Meer. Wir sind eine chaotische, fünf köpfige Familie."
id = "16013365068778409301"
timestamp = 1668211200
title = "Blog - Sailing Nakii Pu"
url = "https://sailing-nakiipu.com/blog/"

[sailingnakiipu.7710580412134728062]
description = "#sailing Begleitet die Abenteuer mit unserem Segelboot, Nakii Pu, auf dem Meer. Wir sind eine chaotische, fünf köpfige Familie."
id = "7710580412134728062"
timestamp = 1668211200
title = "#5 Es geht los- anders als geplant – aber das Abenteuer beginnt - Sailing Nakii Pu"
url = "https://sailing-nakiipu.com/5-es-geht-los-anders-als-geplant-aber-das-abenteuer-beginnt/"

[sailingnakiipu.8486904960258213127]
description = "#sailing Begleitet die Abenteuer mit unserem Segelboot, Nakii Pu, auf dem Meer. Wir sind eine chaotische, fünf köpfige Familie."
id = "8486904960258213127"
timestamp = 1667779200
title = "#4 Unser Boot… - Sailing Nakii Pu"
url = "https://sailing-nakiipu.com/4-unser-boot/"

[syflora.12368175107341887183]
description = "Wir machen flotte Fahrt bei gutem Wetter. Zwei Reffs im Großsegel, dazu die Fock. Windstärke 6, in Böen 7, meist etwas über 20 kn. Da ist es ganz gut, dass der Wind leicht raum einfällt (von schräg…"
id = "12368175107341887183"
timestamp = 1713484800
title = "Passage Gambier – Marquesas, Tag 1"
url = "https://syflora.blog/2024/04/19/passage-gambier-marquesas-tag-1/"

[syflora.13236070909276082939]
description = "Tschüss, Gambier. Aber der Plan hat sich schon wieder geändert. Aller Voraussicht nach werden wir doch nicht das Amanu-Atoll in den Tuamotus anlaufen, sondern direkt zu den Marquesas nach Fatu Hiva…"
id = "13236070909276082939"
timestamp = 1713398400
title = "Es geht wieder los"
url = "https://syflora.blog/2024/04/18/es-geht-wieder-los/"

[syflora.1851205562128202581]
description = "Wir schnorcheln vor Aukena. Einmal mehr beeindrucken der Fischreichtum und der gute Zustand der vielen Korallen. Das Riff selbst ist vielleicht etwas weniger farbenfroh als in manchen Teilen der Ka…"
id = "1851205562128202581"
timestamp = 1712880000
title = "Die kleinen und die großen Dinge"
url = "https://syflora.blog/2024/04/12/die-kleinen-und-die-grossen-dinge/"

[syjobber.1103594855132396947]
description = "Wir verließen die Ankerbucht von Le Marin auf Martinique Anfang Februar mit dem Ziel St. Lucia. Das Anker-auf-Manöver gestaltete sich etwas aufwändiger als gedacht, da unsere Ankerkette nach knapp 2 Wochen Aufenthalt in der Bucht zusammen mit sicher über 1000 Schiffen, mit einer schleimigen Schicht überzogen war. Die ersten etwa 10-12 Meter mussten mit der Deckwaschpumpe (pumpt Salzwasser von außen durch einen Schlauch an Deck) abgespült und geschrubbt werden. Ihhh, es war schon klar, warum wir in dieser Bucht nicht schwimmen gehen wollten. Endlich los, war die Überfahrt sehr ruhig und wir nutzen die Gelegenheit, den Wassermacher (Entsalzungsanlage) einzuschalten, um unsere Tanks mit Süßwasser zu füllen. Dies wollten wir in der Bucht von Le Marin, aus oben beschriebenen Gründen, lieber nicht. Die Goldene Regel lautet: Mach nur dort Wasser, wo es so sauber ist, dass du auch schwimmen gehen würdest. Als wir in Rodney Bay ankamen, suchten wir uns einen Ankerplatz im Süden der Bucht, keine sehr gute Idee, wie sich später herausstellen sollte. Die SEESTERN, die wir aus Le Marin schon kannten, war vor uns angekommen und ankerte ganz in der Nähe. Wir fuhren mit dem Dinghi in den Hafen Rodney Marina zum Einklarieren, Einkaufen und uns mal umgucken. Es gab einen Ship Chandler (Bootszubehör) … das läuft wie bei Ikea, eigentlich braucht man nichts, findet aber immer irgendwas. Die nächsten Tage vergingen mit letzten Bestellungen zu Freunden nach Deutschland, denn bald sollten wir Besuch bekommen. Hier bricht immer ein bisschen Torschlusspanik aus, denn vieles bekommt man in der Karibik einfach nicht. Wir trafen uns mit der SEESTERN zum Sundowner und Gregory versorgte uns mit Obst, Gemüse und selbstgebackenem Bananenbrot."
id = "1103594855132396947"
timestamp = 1710374400
title = "St. Lucia – Martinique"
url = "https://www.sy-jobber.de/2024/03/14/st-lucia-martinique/"

[syjobber.14321919938003127848]
description = "Unsere Freunde, Gertraud und Lothar, mit denen wir schon zusammen zur Schule gegangen sind, kamen am 23. Februar abends mit Air France und einem großen Sperrgutpaket in Fort de France an. Thomas holte die Beiden allein vom Flughafen ab, weil nur 3 Personen, 2 Koffer und ein Riesenpaket Platz hatten im Auto hatten. In dem Riesenpaket waren 2 neue Solarpaneele, in dem einen Koffer 3 kleinere Paneele und jede Menge von uns nach Deutschland bestellte Ersatzteile … O-Ton Lothar: „Die letzten Wochen waren wie Weihnachten, jeden Tag neue Pakete auf der Terrasse und keine Ahnung, was drin ist.“ Wir verbrachten den nächsten Tag in Fort de France zum aklimatisieren und besuchten die Destillerie Clement mit ihrer Kunstausstellung und den Stadtstrand von Fort de France. Abends kam unser Hafennachbar Emanuel auf einen Rum vorbei und wir diskutierten ein Thema, das uns gerade sehr beschäftigte: Wo verbringt man am besten die Hurricane-saison (Juni – November)? Emanuel ist in Fort de France zu Hause, hat eine große Motoryacht in der Box neben uns und arbeitet als Lotse, manövriert also Kreuzfahrtschiffe in lokale Häfen. Sein Boot verbringt die Hurricane-Saison in Le Marin auf Martinique und wenn ein Sturm kommt, fährt er raus mit seinen starken Motoren und bringt sich in Sicherheit … für uns ist das keine Option, weil wir nicht so schnell sind und wahrscheinlich nicht die ganze Zeit vor Ort sein werden. Er riet uns zu Curacao oder Trinidad. Wahrscheinlich wird es Curacao, weil Trinidad für ein hohes Maß an Kriminalität bekannt ist."
id = "14321919938003127848"
timestamp = 1710633600
title = "Alte Freundschaft – neue Wege"
url = "https://www.sy-jobber.de/2024/03/17/alte-freundschaft-neue-wege/"

[syjobber.7938266272661999376]
description = "Kaum waren unsere Freunde in Martinique abgereist, war auch unser Urlaub vorbei und die nächsten Bootsprojekte standen auf der To-do-Liste. Wir hatten den Hafenplatz noch etwa weitere 10 Tage gebucht, um die 2 neuen Solarpaneele a 175 Watt an der Reling zu montieren, ein paar Nähprojekte abzuwickeln, Ölwechsel … Riggcheck und, was sich im Laufe der Arbeiten noch so ergibt, zu erledigen. Das Projekt Solarpaneele begann mit der Demontage des oberen Relingdrahtes, Auto mieten, nach Le Marin fahren zum Rigger, um zu erfahren, dass er eine ganze Woche braucht, um ein Stahlseil abzuschneiden und, mit einem Spezialwerkzeug, eine Hülse aufzupressen… dauert höchstens 10 Min. Na gut, dann kommen wir in einer Woche wieder. Da wir schonmal ein Auto hatten, kauften wir im Baumarkt eine kleine, mobile Klimaanlage, weil es im Hafen einfach unerträglich heiß war. Der perfekte Platz war schnell gefunden in der großen Dusche im Achterschiff, die wir sowieso nicht nutzen, da wir im Cockpit duschen. Hier kann das Kondenswasser ablaufen und es gibt ein perfektes kleines Fenster für die Abluft. Ruck-zuck lief unsere kleine Klimaanlage, die nachts mit der offenen Badtür unsere Achterkabine runterkühlt, so dass wir es wenigstens nachts kühler haben. 26 Grad fühlen sich hier schon fast kalt an."
id = "7938266272661999376"
timestamp = 1712880000
title = "Auf nach Norden – Dominica – Les Saintes"
url = "https://www.sy-jobber.de/2024/04/12/auf-nach-norden-dominica-les-saintes/"

[sypicaroon.15613077328284721187]
description = "Wie bereits in 2021 ging es bei schönstem Segelwetter gegen Mittag von der Marina Rubicon auf Lanzarote los und schon nach ein paar Meilen bekamen wir Besuch von einzelnen Delfinen und einer Schule Pilotwalen. Für die ersten 3 Stunden lief der Motor unterstützend mit. Dann ging es mit Groß, Genua und Kuttersegel in die erste Nacht. Als der Wind zeitweise auf 5 bft. auffrischte habe ich sicherheitshalber ein erstes Reff ins Groß gebunden, die Genua eingerollt und die Fock nach Stb. ausgebaumt. Die Aries Windsteueranlage funktioniert nach der Reparatur in Tazacorte wieder tadellos. Leider hatte ich oftmals in Unwissenheit die Gelenke und das Pendelruder mit mineralischem WD40 Öl behandelt. Dadurch sind die Teflonbuchsen im Pendelrohr aufgequollen und alles ging nur noch sehr schwergängig. Bei leichtem Wind ist das Schiff in Folge dessen immer wieder aus dem Ruder gelaufen. Bis auf ein paar ziemlich dichte Begegnungen mit der Berufsschiffart verlief die Nacht bei leichtem Wind aus NE entspannt und ich konnte im 20 min. Intervall etwas Schlaf bekommen. Am späten Vormittag hatten wir die NE Spitze von Teneriffa querab und der Wind frischte wieder etwas auf. Das Reff im Groß hatte ich bereits früh am Morgen ausgeschüttelt, was sich im Nachhinein aber als Fehler herausstellte. Auf dem Weg zur NW Spitze baute sich eine hohe Windsee aus NE auf, die im 90 grad Winkel gegen die lange Dünung aus NW auflief. Die Folge war mal wieder eine unangenehme Kreuzsee. Nach einzelnen Boen von bis zu 38 Ktn. entschloß ich mich viel zu spät, wieder ein Reff ins Groß zu binden. Die Fock war weiterhin nach Stb. ausgebaumt. Durch die zu große Segelfläche im Groß hatte die Aries bereits Schwierigkeiten den Kurs zu halten. Also ging es angeleint aufs Vorschiff und es wurde gerefft. Als es bereits dunkel war rundeten wir die NW Spitze und nach weiteren 2 Stunden war der Wind wie angekündigt schlagartig weg. Die restliche Nacht verbrachten wir im Geschaukel unter Motor. Da wir erst gegen Mittag in den Hafen konnten haben wir noch eine Runde bis nach Vueltas gedreht ind vergeblich versucht einen Fisch fürs Abendessen zu fangen. Das Einlaufen in den Hafen von San Sebastian fühlte sich für mich wie ein Nachhausekommen an. Hier gefällt es mir immer noch am Besten und ich werde voraussichtlich wieder eine lange Zeit auf der schönen Insel verbringen."
id = "15613077328284721187"
timestamp = 1678752000
title = "Westwärts nonstop nach Gomera"
url = "https://www.sy-picaroon.de/2023/03/14/westw%C3%A4rts-nonstop-nach-gomera/"

[sypicaroon.16743432544381412501]
description = "Von Pasito Blanco nach Morro Jable Gegen Mittag sind wir wir zuerst nach Norden an der Küste hochgefahren um einen besseren Windwinkel nach Fuerteventura zu bekommen. Da wir noch bei Tageslicht auf dem Ankerplatz unterhalb der Kirche von Morro Jable eintreffen wollten, planten wir einen Ankerstopp in der Bahia de Arinaga. Hier liegt man hinter einer großen Industriemole sehr geschützt gegen den Atlantikschwell aber nicht frei von starker Geruchsbelästigung durch ein naheliegendes Klärwerk. Martina und Jens von der Maje hatten die gleiche Idee und so konnten wir die morgige Überfahrt gemeinsam angehen. Am nächsten Morgen ging es sehr früh Ankerauf und erstmal Kurs NE um weitere Höhe gutzumachen. Dann im rechten Winkel durch das Verkehrstrennungsgebiet und wieder etwas angeluft auf direkten Kurs zur Südspitze von Fuerteventura. Da ich auf die starken Fallwinde durch meine letzte Ansteuerung vorgewarnt war, fiel das Großsegel bereits als der Leuchturm querab lag. Der Motor meldete jedoch nach kurzer Laufzeit eine Überhitzung und wurde sofort abgeschaltet. Das Schiff wurde mit gereffter Genua und Autopilot auf Kurs gehalten und ich begab mich unter Deck, um die Ursache zu ergründen. Den Impeller der Wasserpumpe hatte ich vor 2 Jahren gewechselt und vor der Abfahrt auf La Palma nochmal kontrolliert. Nun hatte sich eine Flunke gelöst und in der Saugleitung festgesetzt. Natürlich pünktlich mitten in den schönsten Fallwinden. Die Instandsetzung nahm dann gefühlte 2 Stunden in Anspruch und wir kamen mit dem letzten Tageslicht am Ankerplatz an. Die folgenden Ankertage verbrachten wir mir langen Strandwanderungen und genossen die erstklassigen Fischgerichte der örtlichen Gastronomie. Einzig die immer stärker werdende Dünung und die akrobatischen Einlagen beim Anlanden und Ablegen mit dem Dingy verhinderten eine längere Aufenthaltsdauer. Nun lockt uns die Marina Rubicon auf Lanzarote, wo ein längerer Aufenthalt geplant ist."
id = "16743432544381412501"
timestamp = 1678320000
title = "Von Pasito Blanco nach Morro Jable"
url = "https://www.sy-picaroon.de/2023/03/09/von-pasito-blanco-nach-morro-jable/"

[sypicaroon.5780778972941526711]
description = "Während ich diese Zeilen schreibe befinde ich mich auf hoher See in Richtung Madeira mit dem Ziel Porto Santo, der kleinen Nachbarinsel im Nordosten des Archipels. Nach nunmehr 3 Jahren auf den Kanaren ist ein Tapetenwechsel überfällig gewesen. Mit etwas Wehmut habe ich in San Sebastian auf La Gomera die Leinen gelöst und mich nach einem kurzen Stopp auf La Palma auf den Weg gemacht. So langsam wachsen auch die Seebeine wieder, die die letzten Monate etwas zu kurz gekommen sind. Das anfängliche Übelsein ist nun wieder der Freude am Segeln gewichen. Auch an den Wach-u. Schlafrythmus des Einhandseglers habe ich mich schnell wieder gewöhnt. Einzig die Bedenken bezüglich der Orca Attacken an der Portugiesischen Küste sind noch im Kopf und verursachen ein Unbehagen hinsichtlich der weiteren Etappe der Überfahrt zum Festland. Der aktuelle Plan lautet, auf Porto Santo auf ein sicheres Wetterfenster zur Weiterfahrt an die Algarve zu warten. Dort soll die Picaroon für den Sommer an Land gestellt werden. Im Herbst geht es dann weiter in Richtung Andalusien und vielleicht auch ins Mittelmeer."
id = "5780778972941526711"
timestamp = 1710633600
title = "Abschied von den Kanaren"
url = "https://www.sy-picaroon.de/2024/03/17/abschied-von-den-kanaren/"

[sysilence.13670685442704808660]
description = "Am 19. Februar startete die alljährige RORC600, eine Regatta des Royal Ocean Racing Clubs, in Antigua. Es nahmen 64 Boote aus 26 Ländern teil und die Regatta führt ohne Stopp auf einem 600 Seemeilen langen Kurs um 11 Inseln herum."
id = "13670685442704808660"
timestamp = 1709337600
title = """

Hervorragender Stehplatz bei der RORC600 | Segelyacht Silence\t"""
url = "https://sy-silence.de/2024/03/02/hervorragender-stehplatz-bei-der-rorc600/"

[sysilence.324955247693524367]
description = "Da Martin zu seinem 50. Geburtstag bei uns an Bord war, gab es morgens anstatt eines Geburtstagskuchens ein schönes knuspriges selbst gebackenes Körnerbrot zum Frühstück."
id = "324955247693524367"
timestamp = 1707523200
title = """

Wir feiern Martins Geburtstag | Segelyacht Silence\t"""
url = "https://sy-silence.de/2024/02/10/wir-feiern-martins-geburtstag/"

[sysilence.7958626264941402315]
description = "Nachdem der Dezember ja mit wenig Wind und vielen Boot-Jobs ins Land gegangen war, hatten wir dafür Anfang Januar eine wunderbare Zeit. Es kamen uns nämlich zwei Freunde aus Deutschland besuchen, mit denen wir eine tolle Woche verbrachten."
id = "7958626264941402315"
timestamp = 1707264000
title = """

Besuch aus dem kalten Deutschland | Segelyacht Silence\t"""
url = "https://sy-silence.de/2024/02/07/besuch-aus-dem-kalten-deutschland/"

[syslisand.1511653074520363438]
description = ""
id = "1511653074520363438"
timestamp = 1706227200
title = "Wieder Wasser unterm Kiel"
url = "https://slisand.blogspot.com/2024/01/wieder-wasser-unterm-kiel.html"

[syslisand.18150895235807127365]
description = ""
id = "18150895235807127365"
timestamp = 1712534400
title = "Sardinien - Erster Eindruck, ein Paradies in Türkis"
url = "https://slisand.blogspot.com/2024/04/sardinien-erster-eindruck-ein-paradies.html"

[syslisand.3655430567187892809]
description = ""
id = "3655430567187892809"
timestamp = 1711238400
title = "Auf zu neuen Ufern - Endlich Balearen"
url = "https://slisand.blogspot.com/2024/03/auf-zu-neuen-ufern-endlich-balearen.html"

[weltahoi.14626371157392223873]
description = "Mitte September war es an der Zeit, die Marina Las Palmas zu verlassen. Zum einen mussten wir den Regattateilnehmern der ARC (Atlantic Rally for Cruisers) weich"
id = "14626371157392223873"
timestamp = 1697241600
title = "Tapetenwechsel - auf nach Teneriffa und La Palma"
url = "https://welt-ahoi.de/2023/10/14/tapetenwechsel-auf-nach-teneriffa-und-la-palma/"

[weltahoi.17382768423453976669]
description = "Etwas verspätet wünschen wir unseren Lesern alles Gute für 2024! Wir hoffen, dass ihr gesund und munter seid und falls nicht, drücken wir die Daumen, dass e"
id = "17382768423453976669"
timestamp = 1705190400
title = "Alles ist nur Übergang"
url = "https://welt-ahoi.de/2024/01/14/alles-ist-nur-uebergang/"

[weltahoi.2421207856215682553]
description = "Ein paar Tage hatten wir einen Mietwagen zur Verfügung und konnten die wunderschöne Insel näher kennenlernen. Absolute Highlights waren für uns der Wasserfa"
id = "2421207856215682553"
timestamp = 1698105600
title = "Wunderschönes La Palma"
url = "https://welt-ahoi.de/2023/10/24/wunderschoenes-la-palma/"

[windwanderer.16909160602875580296]
description = "Wir sitzen bei angenehmem Wind und Sonne im Cockpit und setzen von Ibiza aufs spanische Festland über, wie wir diese Zeilen schreiben. Doch bis hierhi…"
id = "16909160602875580296"
timestamp = 1686873600
title = "Wiedersehen in Palma | Wind Wanderer"
url = "https://windwanderer.xyz/wiedersehen-in-palma/"

[windwanderer.8074672839554196137]
description = "Nein, die Futura ist nicht gesunken, aber wir haben sie verkauft. Von nun an wird sie unter österreichischer Flagge weitersegeln, doch dazu später meh…"
id = "8074672839554196137"
timestamp = 1698451200
title = "Wir besitzen kein Boot mehr | Wind Wanderer"
url = "https://windwanderer.xyz/wir-besitzen-kein-boot-mehr/"

[windwanderer.9401096561509828045]
description = "Als wir 2021 mit unseren Freunden in Tavira bei einer Pizza zusammensitzen und von unserem Plan ein Segelboot zu kaufen berichten, sagt uns William: &…"
id = "9401096561509828045"
timestamp = 1709683200
title = "Der Weg zu unserer neuen Wanderer | Wind Wanderer"
url = "https://windwanderer.xyz/der-weg-zu-unserer-neuen-wanderer/"

[zweiammeer.10042641907619368487]
description = "Wir sind wieder zurück am Ankerplatz! Und haben unsere Reise ins Mittelmeer offiziell gestartet. Allerdings geht es nicht so richtig voran. Denn wir hängen noch immer auf La Gomera fest. Aber wir hoffen, dass wir im März weiterkommen."
id = "10042641907619368487"
timestamp = 1710028800
title = "Monatsrückblick: Februar 2024 | Zwei am Meer"
url = "https://zweiammeer.com/monatsrueckblick-februar-2024/"

[zweiammeer.12889894457800470740]
description = "Der Jänner war ganz anders, als wir es gewohnt sind. Wir haben die Hälfte des Monats in Häfen verbracht. Jetzt ist uns noch klarer als zuvor, dass wir einfach"
id = "12889894457800470740"
timestamp = 1709596800
title = "Monatsrückblick: Jänner 2024 | Zwei am Meer"
url = "https://zweiammeer.com/monatsrueckblick-jaenner-2023/"

[zweiammeer.2266212804394046180]
description = "Eines der umfangreichsten und kontroversesten Themen bei unserem ersten Refit war die Bootselektrik. Wir würden im Nachhinein auch..."
id = "2266212804394046180"
timestamp = 1710633600
title = "Bootselektrik – einmal alles neu [inkl. Liste zur Berechnung deines Stromverbrauchs] | Zwei am Meer"
url = "https://zweiammeer.com/bootselektrik/"
